// !$*UTF8*$!
{
	archiveVersion = 1;
	classes = {
	};
	objectVersion = 56;
	objects = {

/* Begin PBXBuildFile section */
		8F095E902903DEE300DBCECA /* CreateTeamViewModel.swift in Sources */ = {isa = PBXBuildFile; fileRef = 8F095E8F2903DEE300DBCECA /* CreateTeamViewModel.swift */; };
		8F095E922903E24A00DBCECA /* Team.swift in Sources */ = {isa = PBXBuildFile; fileRef = 8F095E912903E24A00DBCECA /* Team.swift */; };
		8F095E94290403EB00DBCECA /* CreatePlaceViewModel.swift in Sources */ = {isa = PBXBuildFile; fileRef = 8F095E93290403EB00DBCECA /* CreatePlaceViewModel.swift */; };
		8F095E962904066800DBCECA /* Styles.swift in Sources */ = {isa = PBXBuildFile; fileRef = 8F095E952904066800DBCECA /* Styles.swift */; };
		8F095E9829040E4800DBCECA /* Place.swift in Sources */ = {isa = PBXBuildFile; fileRef = 8F095E9729040E4800DBCECA /* Place.swift */; };
		8F17B9C928FAD73D00B4308C /* TabBarState.swift in Sources */ = {isa = PBXBuildFile; fileRef = 8F17B9C828FAD73D00B4308C /* TabBarState.swift */; };
		8F17B9CB28FB564000B4308C /* DependencyInjector.swift in Sources */ = {isa = PBXBuildFile; fileRef = 8F17B9CA28FB564000B4308C /* DependencyInjector.swift */; };
		8F24E74928EECB86008D5AEE /* SprinkledApp.swift in Sources */ = {isa = PBXBuildFile; fileRef = 8F24E74828EECB86008D5AEE /* SprinkledApp.swift */; };
		8F24E74B28EECB86008D5AEE /* RootView.swift in Sources */ = {isa = PBXBuildFile; fileRef = 8F24E74A28EECB86008D5AEE /* RootView.swift */; };
		8F24E74D28EECB8A008D5AEE /* Assets.xcassets in Resources */ = {isa = PBXBuildFile; fileRef = 8F24E74C28EECB8A008D5AEE /* Assets.xcassets */; };
		8F24E75028EECB8A008D5AEE /* Preview Assets.xcassets in Resources */ = {isa = PBXBuildFile; fileRef = 8F24E74F28EECB8A008D5AEE /* Preview Assets.xcassets */; };
		8F24E75C28EEDCBD008D5AEE /* MyPlantsView.swift in Sources */ = {isa = PBXBuildFile; fileRef = 8F24E75B28EEDCBD008D5AEE /* MyPlantsView.swift */; };
		8F24E75E28EEDCD9008D5AEE /* ProfileView.swift in Sources */ = {isa = PBXBuildFile; fileRef = 8F24E75D28EEDCD9008D5AEE /* ProfileView.swift */; };
		8F24E76028EEDCEA008D5AEE /* SearchView.swift in Sources */ = {isa = PBXBuildFile; fileRef = 8F24E75F28EEDCEA008D5AEE /* SearchView.swift */; };
		8F24E76228EEDD13008D5AEE /* TaskView.swift in Sources */ = {isa = PBXBuildFile; fileRef = 8F24E76128EEDD13008D5AEE /* TaskView.swift */; };
		8F24E76428EEE5A9008D5AEE /* RootViewModel.swift in Sources */ = {isa = PBXBuildFile; fileRef = 8F24E76328EEE5A9008D5AEE /* RootViewModel.swift */; };
		8F24E76628EEF0B3008D5AEE /* AuthView.swift in Sources */ = {isa = PBXBuildFile; fileRef = 8F24E76528EEF0B3008D5AEE /* AuthView.swift */; };
		8F24E76828EEF5AF008D5AEE /* AuthViewModel.swift in Sources */ = {isa = PBXBuildFile; fileRef = 8F24E76728EEF5AF008D5AEE /* AuthViewModel.swift */; };
		8F24E76A28EEF664008D5AEE /* Extensions.swift in Sources */ = {isa = PBXBuildFile; fileRef = 8F24E76928EEF664008D5AEE /* Extensions.swift */; };
		8F2FBE18290176CD00614EB4 /* SearchViewModelTests.swift in Sources */ = {isa = PBXBuildFile; fileRef = 8F2FBE17290176CD00614EB4 /* SearchViewModelTests.swift */; };
		8F66E1BD28FD9D950071C879 /* GoogleService-Info.plist in Resources */ = {isa = PBXBuildFile; fileRef = 8F66E1BC28FD9D950071C879 /* GoogleService-Info.plist */; };
		8F69375C291FF3D30061A93E /* EditEventView.swift in Sources */ = {isa = PBXBuildFile; fileRef = 8F69375B291FF3D30061A93E /* EditEventView.swift */; };
		8F69375E291FF3EF0061A93E /* EditReminderView.swift in Sources */ = {isa = PBXBuildFile; fileRef = 8F69375D291FF3EF0061A93E /* EditReminderView.swift */; };
		8F6937602920362B0061A93E /* EditReminderViewModel.swift in Sources */ = {isa = PBXBuildFile; fileRef = 8F69375F2920362B0061A93E /* EditReminderViewModel.swift */; };
		8F693762292036440061A93E /* EditEventViewModel.swift in Sources */ = {isa = PBXBuildFile; fileRef = 8F693761292036440061A93E /* EditEventViewModel.swift */; };
		8F6937652920FA8C0061A93E /* ImagePicker.swift in Sources */ = {isa = PBXBuildFile; fileRef = 8F6937642920FA8C0061A93E /* ImagePicker.swift */; };
		8F693768292129AC0061A93E /* FirebaseStorage in Frameworks */ = {isa = PBXBuildFile; productRef = 8F693767292129AC0061A93E /* FirebaseStorage */; };
		8F69376A29212B3E0061A93E /* StorageManager.swift in Sources */ = {isa = PBXBuildFile; fileRef = 8F69376929212B3D0061A93E /* StorageManager.swift */; };
		8F69376D29224E5F0061A93E /* PopupView in Frameworks */ = {isa = PBXBuildFile; productRef = 8F69376C29224E5F0061A93E /* PopupView */; };
		8F69376F292255290061A93E /* ErrorPopupsState.swift in Sources */ = {isa = PBXBuildFile; fileRef = 8F69376E292255280061A93E /* ErrorPopupsState.swift */; };
		8F69377429225FA10061A93E /* ConnectionErrorPopupView.swift in Sources */ = {isa = PBXBuildFile; fileRef = 8F69377329225FA10061A93E /* ConnectionErrorPopupView.swift */; };
		8F6B23D528F7FB350079F0FC /* SearchViewModel.swift in Sources */ = {isa = PBXBuildFile; fileRef = 8F6B23D428F7FB350079F0FC /* SearchViewModel.swift */; };
		8F6B23D728F7FBBF0079F0FC /* Plant.swift in Sources */ = {isa = PBXBuildFile; fileRef = 8F6B23D628F7FBBF0079F0FC /* Plant.swift */; };
		8F6B23DD28F81A640079F0FC /* TestData.swift in Sources */ = {isa = PBXBuildFile; fileRef = 8F6B23DC28F81A640079F0FC /* TestData.swift */; };
		8F6B23E028F8268F0079F0FC /* Kingfisher in Frameworks */ = {isa = PBXBuildFile; productRef = 8F6B23DF28F8268F0079F0FC /* Kingfisher */; };
		8F6B23E228F88E280079F0FC /* PlantDetailView.swift in Sources */ = {isa = PBXBuildFile; fileRef = 8F6B23E128F88E280079F0FC /* PlantDetailView.swift */; };
		8F6B23E428F88E870079F0FC /* PlantDetailViewModel.swift in Sources */ = {isa = PBXBuildFile; fileRef = 8F6B23E328F88E870079F0FC /* PlantDetailViewModel.swift */; };
		8F8F5A5829029E2C009D6DC9 /* MyPlantsViewModel.swift in Sources */ = {isa = PBXBuildFile; fileRef = 8F8F5A5729029E2C009D6DC9 /* MyPlantsViewModel.swift */; };
		8F8F5A5A2902BBF4009D6DC9 /* PlaceView.swift in Sources */ = {isa = PBXBuildFile; fileRef = 8F8F5A592902BBF4009D6DC9 /* PlaceView.swift */; };
		8F8F5A5C2902BBFE009D6DC9 /* CreatePlaceView.swift in Sources */ = {isa = PBXBuildFile; fileRef = 8F8F5A5B2902BBFE009D6DC9 /* CreatePlaceView.swift */; };
		8F8F5A5E2902BDE5009D6DC9 /* TeamSummary.swift in Sources */ = {isa = PBXBuildFile; fileRef = 8F8F5A5D2902BDE5009D6DC9 /* TeamSummary.swift */; };
		8F8F5A602902EFC9009D6DC9 /* CreateTeamView.swift in Sources */ = {isa = PBXBuildFile; fileRef = 8F8F5A5F2902EFC9009D6DC9 /* CreateTeamView.swift */; };
		8F92BAEC2922B4940092BF55 /* TabBarView.swift in Sources */ = {isa = PBXBuildFile; fileRef = 8F92BAEB2922B4940092BF55 /* TabBarView.swift */; };
		8F9DE0542922F25700A4FABB /* ErrorResponse.swift in Sources */ = {isa = PBXBuildFile; fileRef = 8F9DE0532922F25700A4FABB /* ErrorResponse.swift */; };
		8FA07B23290BDC570019C142 /* PictureView.swift in Sources */ = {isa = PBXBuildFile; fileRef = 8FA07B22290BDC570019C142 /* PictureView.swift */; };
		8FA07B25290BE4C80019C142 /* PictureViewState.swift in Sources */ = {isa = PBXBuildFile; fileRef = 8FA07B24290BE4C80019C142 /* PictureViewState.swift */; };
		8FA07B27290D0A340019C142 /* AddEventViewModel.swift in Sources */ = {isa = PBXBuildFile; fileRef = 8FA07B26290D0A340019C142 /* AddEventViewModel.swift */; };
		8FA07B29290D0B8C0019C142 /* AddEventView.swift in Sources */ = {isa = PBXBuildFile; fileRef = 8FA07B28290D0B8C0019C142 /* AddEventView.swift */; };
		8FA07B2B290D469D0019C142 /* AddReminderViewModel.swift in Sources */ = {isa = PBXBuildFile; fileRef = 8FA07B2A290D469C0019C142 /* AddReminderViewModel.swift */; };
		8FA07B2D290D48CB0019C142 /* AddReminderView.swift in Sources */ = {isa = PBXBuildFile; fileRef = 8FA07B2C290D48CB0019C142 /* AddReminderView.swift */; };
		8FA38EA628F9A83400C78C2E /* AppDelegate.swift in Sources */ = {isa = PBXBuildFile; fileRef = 8FA38EA528F9A83400C78C2E /* AppDelegate.swift */; };
		8FA3C83F28F1992E00F1D070 /* JWTDecode in Frameworks */ = {isa = PBXBuildFile; productRef = 8FA3C83E28F1992E00F1D070 /* JWTDecode */; };
		8FA3C84128F1B10E00F1D070 /* NotificationManager.swift in Sources */ = {isa = PBXBuildFile; fileRef = 8FA3C84028F1B10E00F1D070 /* NotificationManager.swift */; };
		8FA563A228EF0A1000C54AF2 /* ProfileViewModel.swift in Sources */ = {isa = PBXBuildFile; fileRef = 8FA563A128EF0A0F00C54AF2 /* ProfileViewModel.swift */; };
		8FA563A528F014BE00C54AF2 /* API.swift in Sources */ = {isa = PBXBuildFile; fileRef = 8FA563A428F014BE00C54AF2 /* API.swift */; };
		8FA563A928F0240800C54AF2 /* AuthResponse.swift in Sources */ = {isa = PBXBuildFile; fileRef = 8FA563A828F0240800C54AF2 /* AuthResponse.swift */; };
		8FA563B128F04AAA00C54AF2 /* Reminder.swift in Sources */ = {isa = PBXBuildFile; fileRef = 8FA563B028F04AAA00C54AF2 /* Reminder.swift */; };
		8FA563B328F0677800C54AF2 /* Errors.swift in Sources */ = {isa = PBXBuildFile; fileRef = 8FA563B228F0677800C54AF2 /* Errors.swift */; };
		8FB0BC5C292287AD00D4C210 /* GenericErrorPopupView.swift in Sources */ = {isa = PBXBuildFile; fileRef = 8FB0BC5B292287AD00D4C210 /* GenericErrorPopupView.swift */; };
		8FB43FED290EBEAC009202F4 /* TaskViewModel.swift in Sources */ = {isa = PBXBuildFile; fileRef = 8FB43FEC290EBEAC009202F4 /* TaskViewModel.swift */; };
		8FB43FF0290EBF36009202F4 /* Collections in Frameworks */ = {isa = PBXBuildFile; productRef = 8FB43FEF290EBF36009202F4 /* Collections */; };
		8FB43FF22912C6E9009202F4 /* UIElements.swift in Sources */ = {isa = PBXBuildFile; fileRef = 8FB43FF12912C6E9009202F4 /* UIElements.swift */; };
		8FE3447C2916A9AF00247333 /* Utils.swift in Sources */ = {isa = PBXBuildFile; fileRef = 8FE3447B2916A9AF00247333 /* Utils.swift */; };
		8FE3447E2918086E00247333 /* AddMemberView.swift in Sources */ = {isa = PBXBuildFile; fileRef = 8FE3447D2918086E00247333 /* AddMemberView.swift */; };
		8FE3448029180A6800247333 /* AddMemberViewModel.swift in Sources */ = {isa = PBXBuildFile; fileRef = 8FE3447F29180A6800247333 /* AddMemberViewModel.swift */; };
		8FFD753329053DEB005237A9 /* PlaceViewModel.swift in Sources */ = {isa = PBXBuildFile; fileRef = 8FFD753229053DEB005237A9 /* PlaceViewModel.swift */; };
		8FFD7535290583FA005237A9 /* TeamView.swift in Sources */ = {isa = PBXBuildFile; fileRef = 8FFD7534290583FA005237A9 /* TeamView.swift */; };
		8FFD753729058446005237A9 /* TeamViewModel.swift in Sources */ = {isa = PBXBuildFile; fileRef = 8FFD753629058446005237A9 /* TeamViewModel.swift */; };
		8FFD753929058C7A005237A9 /* TeamMember.swift in Sources */ = {isa = PBXBuildFile; fileRef = 8FFD753829058C7A005237A9 /* TeamMember.swift */; };
		8FFD753B2909564A005237A9 /* PlantEntryViewModel.swift in Sources */ = {isa = PBXBuildFile; fileRef = 8FFD753A2909564A005237A9 /* PlantEntryViewModel.swift */; };
		8FFD753D29095661005237A9 /* PlantEntryView.swift in Sources */ = {isa = PBXBuildFile; fileRef = 8FFD753C29095660005237A9 /* PlantEntryView.swift */; };
		8FFD753F29095851005237A9 /* PlantEntry.swift in Sources */ = {isa = PBXBuildFile; fileRef = 8FFD753E29095851005237A9 /* PlantEntry.swift */; };
		8FFD75422909621E005237A9 /* Shimmer in Frameworks */ = {isa = PBXBuildFile; productRef = 8FFD75412909621E005237A9 /* Shimmer */; };
		8FFD7544290ABF27005237A9 /* Picture.swift in Sources */ = {isa = PBXBuildFile; fileRef = 8FFD7543290ABF27005237A9 /* Picture.swift */; };
		8FFD7546290AC005005237A9 /* Event.swift in Sources */ = {isa = PBXBuildFile; fileRef = 8FFD7545290AC005005237A9 /* Event.swift */; };
		8FFD7548290AD3DB005237A9 /* Action.swift in Sources */ = {isa = PBXBuildFile; fileRef = 8FFD7547290AD3DB005237A9 /* Action.swift */; };
		8FFD754A290AD474005237A9 /* User.swift in Sources */ = {isa = PBXBuildFile; fileRef = 8FFD7549290AD473005237A9 /* User.swift */; };
/* End PBXBuildFile section */

/* Begin PBXContainerItemProxy section */
		8F2FBE19290176CD00614EB4 /* PBXContainerItemProxy */ = {
			isa = PBXContainerItemProxy;
			containerPortal = 8F24E73D28EECB86008D5AEE /* Project object */;
			proxyType = 1;
			remoteGlobalIDString = 8F24E74428EECB86008D5AEE;
			remoteInfo = "sprinkled-ios";
		};
/* End PBXContainerItemProxy section */

/* Begin PBXFileReference section */
		8F095E8F2903DEE300DBCECA /* CreateTeamViewModel.swift */ = {isa = PBXFileReference; lastKnownFileType = sourcecode.swift; path = CreateTeamViewModel.swift; sourceTree = "<group>"; };
		8F095E912903E24A00DBCECA /* Team.swift */ = {isa = PBXFileReference; lastKnownFileType = sourcecode.swift; path = Team.swift; sourceTree = "<group>"; };
		8F095E93290403EB00DBCECA /* CreatePlaceViewModel.swift */ = {isa = PBXFileReference; lastKnownFileType = sourcecode.swift; path = CreatePlaceViewModel.swift; sourceTree = "<group>"; };
		8F095E952904066800DBCECA /* Styles.swift */ = {isa = PBXFileReference; lastKnownFileType = sourcecode.swift; path = Styles.swift; sourceTree = "<group>"; };
		8F095E9729040E4800DBCECA /* Place.swift */ = {isa = PBXFileReference; lastKnownFileType = sourcecode.swift; path = Place.swift; sourceTree = "<group>"; };
		8F17B9C828FAD73D00B4308C /* TabBarState.swift */ = {isa = PBXFileReference; lastKnownFileType = sourcecode.swift; path = TabBarState.swift; sourceTree = "<group>"; };
		8F17B9CA28FB564000B4308C /* DependencyInjector.swift */ = {isa = PBXFileReference; lastKnownFileType = sourcecode.swift; path = DependencyInjector.swift; sourceTree = "<group>"; };
		8F24E74528EECB86008D5AEE /* sprinkled-ios.app */ = {isa = PBXFileReference; explicitFileType = wrapper.application; includeInIndex = 0; path = "sprinkled-ios.app"; sourceTree = BUILT_PRODUCTS_DIR; };
		8F24E74828EECB86008D5AEE /* SprinkledApp.swift */ = {isa = PBXFileReference; lastKnownFileType = sourcecode.swift; path = SprinkledApp.swift; sourceTree = "<group>"; };
		8F24E74A28EECB86008D5AEE /* RootView.swift */ = {isa = PBXFileReference; lastKnownFileType = sourcecode.swift; path = RootView.swift; sourceTree = "<group>"; };
		8F24E74C28EECB8A008D5AEE /* Assets.xcassets */ = {isa = PBXFileReference; lastKnownFileType = folder.assetcatalog; path = Assets.xcassets; sourceTree = "<group>"; };
		8F24E74F28EECB8A008D5AEE /* Preview Assets.xcassets */ = {isa = PBXFileReference; lastKnownFileType = folder.assetcatalog; path = "Preview Assets.xcassets"; sourceTree = "<group>"; };
		8F24E75628EECCFE008D5AEE /* Info.plist */ = {isa = PBXFileReference; lastKnownFileType = text.plist; path = Info.plist; sourceTree = "<group>"; };
		8F24E75B28EEDCBD008D5AEE /* MyPlantsView.swift */ = {isa = PBXFileReference; lastKnownFileType = sourcecode.swift; path = MyPlantsView.swift; sourceTree = "<group>"; };
		8F24E75D28EEDCD9008D5AEE /* ProfileView.swift */ = {isa = PBXFileReference; lastKnownFileType = sourcecode.swift; path = ProfileView.swift; sourceTree = "<group>"; };
		8F24E75F28EEDCEA008D5AEE /* SearchView.swift */ = {isa = PBXFileReference; lastKnownFileType = sourcecode.swift; path = SearchView.swift; sourceTree = "<group>"; };
		8F24E76128EEDD13008D5AEE /* TaskView.swift */ = {isa = PBXFileReference; lastKnownFileType = sourcecode.swift; path = TaskView.swift; sourceTree = "<group>"; };
		8F24E76328EEE5A9008D5AEE /* RootViewModel.swift */ = {isa = PBXFileReference; lastKnownFileType = sourcecode.swift; path = RootViewModel.swift; sourceTree = "<group>"; };
		8F24E76528EEF0B3008D5AEE /* AuthView.swift */ = {isa = PBXFileReference; lastKnownFileType = sourcecode.swift; path = AuthView.swift; sourceTree = "<group>"; };
		8F24E76728EEF5AF008D5AEE /* AuthViewModel.swift */ = {isa = PBXFileReference; lastKnownFileType = sourcecode.swift; path = AuthViewModel.swift; sourceTree = "<group>"; };
		8F24E76928EEF664008D5AEE /* Extensions.swift */ = {isa = PBXFileReference; lastKnownFileType = sourcecode.swift; path = Extensions.swift; sourceTree = "<group>"; };
		8F2FBE15290176CD00614EB4 /* sprinkled-ios-tests.xctest */ = {isa = PBXFileReference; explicitFileType = wrapper.cfbundle; includeInIndex = 0; path = "sprinkled-ios-tests.xctest"; sourceTree = BUILT_PRODUCTS_DIR; };
		8F2FBE17290176CD00614EB4 /* SearchViewModelTests.swift */ = {isa = PBXFileReference; lastKnownFileType = sourcecode.swift; path = SearchViewModelTests.swift; sourceTree = "<group>"; };
		8F66E1BC28FD9D950071C879 /* GoogleService-Info.plist */ = {isa = PBXFileReference; fileEncoding = 4; lastKnownFileType = text.plist.xml; path = "GoogleService-Info.plist"; sourceTree = "<group>"; };
		8F69375B291FF3D30061A93E /* EditEventView.swift */ = {isa = PBXFileReference; lastKnownFileType = sourcecode.swift; path = EditEventView.swift; sourceTree = "<group>"; };
		8F69375D291FF3EF0061A93E /* EditReminderView.swift */ = {isa = PBXFileReference; lastKnownFileType = sourcecode.swift; path = EditReminderView.swift; sourceTree = "<group>"; };
		8F69375F2920362B0061A93E /* EditReminderViewModel.swift */ = {isa = PBXFileReference; lastKnownFileType = sourcecode.swift; path = EditReminderViewModel.swift; sourceTree = "<group>"; };
		8F693761292036440061A93E /* EditEventViewModel.swift */ = {isa = PBXFileReference; lastKnownFileType = sourcecode.swift; path = EditEventViewModel.swift; sourceTree = "<group>"; };
		8F6937642920FA8C0061A93E /* ImagePicker.swift */ = {isa = PBXFileReference; lastKnownFileType = sourcecode.swift; path = ImagePicker.swift; sourceTree = "<group>"; };
		8F69376929212B3D0061A93E /* StorageManager.swift */ = {isa = PBXFileReference; lastKnownFileType = sourcecode.swift; path = StorageManager.swift; sourceTree = "<group>"; };
		8F69376E292255280061A93E /* ErrorPopupsState.swift */ = {isa = PBXFileReference; lastKnownFileType = sourcecode.swift; path = ErrorPopupsState.swift; sourceTree = "<group>"; };
		8F69377329225FA10061A93E /* ConnectionErrorPopupView.swift */ = {isa = PBXFileReference; lastKnownFileType = sourcecode.swift; path = ConnectionErrorPopupView.swift; sourceTree = "<group>"; };
		8F6B23D428F7FB350079F0FC /* SearchViewModel.swift */ = {isa = PBXFileReference; lastKnownFileType = sourcecode.swift; path = SearchViewModel.swift; sourceTree = "<group>"; };
		8F6B23D628F7FBBF0079F0FC /* Plant.swift */ = {isa = PBXFileReference; lastKnownFileType = sourcecode.swift; path = Plant.swift; sourceTree = "<group>"; };
		8F6B23DC28F81A640079F0FC /* TestData.swift */ = {isa = PBXFileReference; lastKnownFileType = sourcecode.swift; path = TestData.swift; sourceTree = "<group>"; };
		8F6B23E128F88E280079F0FC /* PlantDetailView.swift */ = {isa = PBXFileReference; lastKnownFileType = sourcecode.swift; path = PlantDetailView.swift; sourceTree = "<group>"; };
		8F6B23E328F88E870079F0FC /* PlantDetailViewModel.swift */ = {isa = PBXFileReference; lastKnownFileType = sourcecode.swift; path = PlantDetailViewModel.swift; sourceTree = "<group>"; };
		8F8F5A5729029E2C009D6DC9 /* MyPlantsViewModel.swift */ = {isa = PBXFileReference; lastKnownFileType = sourcecode.swift; path = MyPlantsViewModel.swift; sourceTree = "<group>"; };
		8F8F5A592902BBF4009D6DC9 /* PlaceView.swift */ = {isa = PBXFileReference; lastKnownFileType = sourcecode.swift; path = PlaceView.swift; sourceTree = "<group>"; };
		8F8F5A5B2902BBFE009D6DC9 /* CreatePlaceView.swift */ = {isa = PBXFileReference; lastKnownFileType = sourcecode.swift; path = CreatePlaceView.swift; sourceTree = "<group>"; };
		8F8F5A5D2902BDE5009D6DC9 /* TeamSummary.swift */ = {isa = PBXFileReference; lastKnownFileType = sourcecode.swift; path = TeamSummary.swift; sourceTree = "<group>"; };
		8F8F5A5F2902EFC9009D6DC9 /* CreateTeamView.swift */ = {isa = PBXFileReference; lastKnownFileType = sourcecode.swift; path = CreateTeamView.swift; sourceTree = "<group>"; };
		8F92BAEB2922B4940092BF55 /* TabBarView.swift */ = {isa = PBXFileReference; lastKnownFileType = sourcecode.swift; path = TabBarView.swift; sourceTree = "<group>"; };
		8F9DE0532922F25700A4FABB /* ErrorResponse.swift */ = {isa = PBXFileReference; lastKnownFileType = sourcecode.swift; path = ErrorResponse.swift; sourceTree = "<group>"; };
		8FA07B22290BDC570019C142 /* PictureView.swift */ = {isa = PBXFileReference; lastKnownFileType = sourcecode.swift; path = PictureView.swift; sourceTree = "<group>"; };
		8FA07B24290BE4C80019C142 /* PictureViewState.swift */ = {isa = PBXFileReference; lastKnownFileType = sourcecode.swift; path = PictureViewState.swift; sourceTree = "<group>"; };
		8FA07B26290D0A340019C142 /* AddEventViewModel.swift */ = {isa = PBXFileReference; lastKnownFileType = sourcecode.swift; path = AddEventViewModel.swift; sourceTree = "<group>"; };
		8FA07B28290D0B8C0019C142 /* AddEventView.swift */ = {isa = PBXFileReference; lastKnownFileType = sourcecode.swift; path = AddEventView.swift; sourceTree = "<group>"; };
		8FA07B2A290D469C0019C142 /* AddReminderViewModel.swift */ = {isa = PBXFileReference; lastKnownFileType = sourcecode.swift; path = AddReminderViewModel.swift; sourceTree = "<group>"; };
		8FA07B2C290D48CB0019C142 /* AddReminderView.swift */ = {isa = PBXFileReference; lastKnownFileType = sourcecode.swift; path = AddReminderView.swift; sourceTree = "<group>"; };
		8FA38EA428F9A1C200C78C2E /* sprinkled-ios.entitlements */ = {isa = PBXFileReference; lastKnownFileType = text.plist.entitlements; path = "sprinkled-ios.entitlements"; sourceTree = "<group>"; };
		8FA38EA528F9A83400C78C2E /* AppDelegate.swift */ = {isa = PBXFileReference; lastKnownFileType = sourcecode.swift; path = AppDelegate.swift; sourceTree = "<group>"; };
		8FA3C84028F1B10E00F1D070 /* NotificationManager.swift */ = {isa = PBXFileReference; lastKnownFileType = sourcecode.swift; path = NotificationManager.swift; sourceTree = "<group>"; };
		8FA563A128EF0A0F00C54AF2 /* ProfileViewModel.swift */ = {isa = PBXFileReference; lastKnownFileType = sourcecode.swift; path = ProfileViewModel.swift; sourceTree = "<group>"; };
		8FA563A428F014BE00C54AF2 /* API.swift */ = {isa = PBXFileReference; lastKnownFileType = sourcecode.swift; path = API.swift; sourceTree = "<group>"; };
		8FA563A828F0240800C54AF2 /* AuthResponse.swift */ = {isa = PBXFileReference; lastKnownFileType = sourcecode.swift; path = AuthResponse.swift; sourceTree = "<group>"; };
		8FA563B028F04AAA00C54AF2 /* Reminder.swift */ = {isa = PBXFileReference; lastKnownFileType = sourcecode.swift; path = Reminder.swift; sourceTree = "<group>"; };
		8FA563B228F0677800C54AF2 /* Errors.swift */ = {isa = PBXFileReference; lastKnownFileType = sourcecode.swift; path = Errors.swift; sourceTree = "<group>"; };
		8FB0BC5B292287AD00D4C210 /* GenericErrorPopupView.swift */ = {isa = PBXFileReference; lastKnownFileType = sourcecode.swift; path = GenericErrorPopupView.swift; sourceTree = "<group>"; };
		8FB43FEC290EBEAC009202F4 /* TaskViewModel.swift */ = {isa = PBXFileReference; lastKnownFileType = sourcecode.swift; path = TaskViewModel.swift; sourceTree = "<group>"; };
		8FB43FF12912C6E9009202F4 /* UIElements.swift */ = {isa = PBXFileReference; lastKnownFileType = sourcecode.swift; path = UIElements.swift; sourceTree = "<group>"; };
		8FE3447B2916A9AF00247333 /* Utils.swift */ = {isa = PBXFileReference; lastKnownFileType = sourcecode.swift; path = Utils.swift; sourceTree = "<group>"; };
		8FE3447D2918086E00247333 /* AddMemberView.swift */ = {isa = PBXFileReference; lastKnownFileType = sourcecode.swift; path = AddMemberView.swift; sourceTree = "<group>"; };
		8FE3447F29180A6800247333 /* AddMemberViewModel.swift */ = {isa = PBXFileReference; lastKnownFileType = sourcecode.swift; path = AddMemberViewModel.swift; sourceTree = "<group>"; };
		8FFD753229053DEB005237A9 /* PlaceViewModel.swift */ = {isa = PBXFileReference; lastKnownFileType = sourcecode.swift; path = PlaceViewModel.swift; sourceTree = "<group>"; };
		8FFD7534290583FA005237A9 /* TeamView.swift */ = {isa = PBXFileReference; lastKnownFileType = sourcecode.swift; path = TeamView.swift; sourceTree = "<group>"; };
		8FFD753629058446005237A9 /* TeamViewModel.swift */ = {isa = PBXFileReference; lastKnownFileType = sourcecode.swift; path = TeamViewModel.swift; sourceTree = "<group>"; };
		8FFD753829058C7A005237A9 /* TeamMember.swift */ = {isa = PBXFileReference; lastKnownFileType = sourcecode.swift; path = TeamMember.swift; sourceTree = "<group>"; };
		8FFD753A2909564A005237A9 /* PlantEntryViewModel.swift */ = {isa = PBXFileReference; lastKnownFileType = sourcecode.swift; path = PlantEntryViewModel.swift; sourceTree = "<group>"; };
		8FFD753C29095660005237A9 /* PlantEntryView.swift */ = {isa = PBXFileReference; lastKnownFileType = sourcecode.swift; path = PlantEntryView.swift; sourceTree = "<group>"; };
		8FFD753E29095851005237A9 /* PlantEntry.swift */ = {isa = PBXFileReference; lastKnownFileType = sourcecode.swift; path = PlantEntry.swift; sourceTree = "<group>"; };
		8FFD7543290ABF27005237A9 /* Picture.swift */ = {isa = PBXFileReference; lastKnownFileType = sourcecode.swift; path = Picture.swift; sourceTree = "<group>"; };
		8FFD7545290AC005005237A9 /* Event.swift */ = {isa = PBXFileReference; lastKnownFileType = sourcecode.swift; path = Event.swift; sourceTree = "<group>"; };
		8FFD7547290AD3DB005237A9 /* Action.swift */ = {isa = PBXFileReference; lastKnownFileType = sourcecode.swift; path = Action.swift; sourceTree = "<group>"; };
		8FFD7549290AD473005237A9 /* User.swift */ = {isa = PBXFileReference; lastKnownFileType = sourcecode.swift; path = User.swift; sourceTree = "<group>"; };
/* End PBXFileReference section */

/* Begin PBXFrameworksBuildPhase section */
		8F24E74228EECB86008D5AEE /* Frameworks */ = {
			isa = PBXFrameworksBuildPhase;
			buildActionMask = 2147483647;
			files = (
				8F69376D29224E5F0061A93E /* PopupView in Frameworks */,
				8FFD75422909621E005237A9 /* Shimmer in Frameworks */,
				8F6B23E028F8268F0079F0FC /* Kingfisher in Frameworks */,
				8FB43FF0290EBF36009202F4 /* Collections in Frameworks */,
				8F693768292129AC0061A93E /* FirebaseStorage in Frameworks */,
				8FA3C83F28F1992E00F1D070 /* JWTDecode in Frameworks */,
			);
			runOnlyForDeploymentPostprocessing = 0;
		};
		8F2FBE12290176CD00614EB4 /* Frameworks */ = {
			isa = PBXFrameworksBuildPhase;
			buildActionMask = 2147483647;
			files = (
			);
			runOnlyForDeploymentPostprocessing = 0;
		};
/* End PBXFrameworksBuildPhase section */

/* Begin PBXGroup section */
		8F24E73C28EECB86008D5AEE = {
			isa = PBXGroup;
			children = (
				8F24E74728EECB86008D5AEE /* sprinkled-ios */,
				8F2FBE16290176CD00614EB4 /* sprinkled-ios-tests */,
				8F24E74628EECB86008D5AEE /* Products */,
			);
			sourceTree = "<group>";
		};
		8F24E74628EECB86008D5AEE /* Products */ = {
			isa = PBXGroup;
			children = (
				8F24E74528EECB86008D5AEE /* sprinkled-ios.app */,
				8F2FBE15290176CD00614EB4 /* sprinkled-ios-tests.xctest */,
			);
			name = Products;
			sourceTree = "<group>";
		};
		8F24E74728EECB86008D5AEE /* sprinkled-ios */ = {
			isa = PBXGroup;
			children = (
				8FA38EA428F9A1C200C78C2E /* sprinkled-ios.entitlements */,
				8FA563A328F0137E00C54AF2 /* Model */,
				8FA3C84628F2DF8300F1D070 /* Services */,
				8F6937632920F9480061A93E /* States */,
				8F24E75928EEDC8D008D5AEE /* View */,
				8F24E75A28EEDC99008D5AEE /* ViewModel */,
				8F66E1BC28FD9D950071C879 /* GoogleService-Info.plist */,
				8F24E75628EECCFE008D5AEE /* Info.plist */,
				8FA38EA528F9A83400C78C2E /* AppDelegate.swift */,
				8FA563B228F0677800C54AF2 /* Errors.swift */,
				8F24E76928EEF664008D5AEE /* Extensions.swift */,
				8F6937642920FA8C0061A93E /* ImagePicker.swift */,
				8F24E74828EECB86008D5AEE /* SprinkledApp.swift */,
				8F095E952904066800DBCECA /* Styles.swift */,
				8F6B23DC28F81A640079F0FC /* TestData.swift */,
				8FB43FF12912C6E9009202F4 /* UIElements.swift */,
				8FE3447B2916A9AF00247333 /* Utils.swift */,
				8F24E74C28EECB8A008D5AEE /* Assets.xcassets */,
				8F24E74E28EECB8A008D5AEE /* Preview Content */,
			);
			path = "sprinkled-ios";
			sourceTree = "<group>";
		};
		8F24E74E28EECB8A008D5AEE /* Preview Content */ = {
			isa = PBXGroup;
			children = (
				8F24E74F28EECB8A008D5AEE /* Preview Assets.xcassets */,
			);
			path = "Preview Content";
			sourceTree = "<group>";
		};
		8F24E75928EEDC8D008D5AEE /* View */ = {
			isa = PBXGroup;
			children = (
				8F69377229225E9C0061A93E /* ErrorPopups */,
				8FA07B28290D0B8C0019C142 /* AddEventView.swift */,
				8FE3447D2918086E00247333 /* AddMemberView.swift */,
				8FA07B2C290D48CB0019C142 /* AddReminderView.swift */,
				8F24E76528EEF0B3008D5AEE /* AuthView.swift */,
				8F8F5A5B2902BBFE009D6DC9 /* CreatePlaceView.swift */,
				8F8F5A5F2902EFC9009D6DC9 /* CreateTeamView.swift */,
				8F69375B291FF3D30061A93E /* EditEventView.swift */,
				8F69375D291FF3EF0061A93E /* EditReminderView.swift */,
				8F24E75B28EEDCBD008D5AEE /* MyPlantsView.swift */,
				8FA07B22290BDC570019C142 /* PictureView.swift */,
				8F8F5A592902BBF4009D6DC9 /* PlaceView.swift */,
				8F6B23E128F88E280079F0FC /* PlantDetailView.swift */,
				8FFD753C29095660005237A9 /* PlantEntryView.swift */,
				8F24E75D28EEDCD9008D5AEE /* ProfileView.swift */,
				8F24E74A28EECB86008D5AEE /* RootView.swift */,
				8F24E75F28EEDCEA008D5AEE /* SearchView.swift */,
				8F92BAEB2922B4940092BF55 /* TabBarView.swift */,
				8F24E76128EEDD13008D5AEE /* TaskView.swift */,
				8FFD7534290583FA005237A9 /* TeamView.swift */,
			);
			path = View;
			sourceTree = "<group>";
		};
		8F24E75A28EEDC99008D5AEE /* ViewModel */ = {
			isa = PBXGroup;
			children = (
				8FA07B26290D0A340019C142 /* AddEventViewModel.swift */,
				8FE3447F29180A6800247333 /* AddMemberViewModel.swift */,
				8FA07B2A290D469C0019C142 /* AddReminderViewModel.swift */,
				8F24E76728EEF5AF008D5AEE /* AuthViewModel.swift */,
				8F095E93290403EB00DBCECA /* CreatePlaceViewModel.swift */,
				8F095E8F2903DEE300DBCECA /* CreateTeamViewModel.swift */,
				8F693761292036440061A93E /* EditEventViewModel.swift */,
				8F69375F2920362B0061A93E /* EditReminderViewModel.swift */,
				8F8F5A5729029E2C009D6DC9 /* MyPlantsViewModel.swift */,
				8FFD753229053DEB005237A9 /* PlaceViewModel.swift */,
				8F6B23E328F88E870079F0FC /* PlantDetailViewModel.swift */,
				8FFD753A2909564A005237A9 /* PlantEntryViewModel.swift */,
				8FA563A128EF0A0F00C54AF2 /* ProfileViewModel.swift */,
				8F24E76328EEE5A9008D5AEE /* RootViewModel.swift */,
				8F6B23D428F7FB350079F0FC /* SearchViewModel.swift */,
				8FB43FEC290EBEAC009202F4 /* TaskViewModel.swift */,
				8FFD753629058446005237A9 /* TeamViewModel.swift */,
			);
			path = ViewModel;
			sourceTree = "<group>";
		};
		8F2FBE16290176CD00614EB4 /* sprinkled-ios-tests */ = {
			isa = PBXGroup;
			children = (
				8F2FBE17290176CD00614EB4 /* SearchViewModelTests.swift */,
			);
			path = "sprinkled-ios-tests";
			sourceTree = "<group>";
		};
		8F6937632920F9480061A93E /* States */ = {
			isa = PBXGroup;
			children = (
				8F69376E292255280061A93E /* ErrorPopupsState.swift */,
				8FA07B24290BE4C80019C142 /* PictureViewState.swift */,
				8F17B9C828FAD73D00B4308C /* TabBarState.swift */,
			);
			path = States;
			sourceTree = "<group>";
		};
		8F69377229225E9C0061A93E /* ErrorPopups */ = {
			isa = PBXGroup;
			children = (
				8F69377329225FA10061A93E /* ConnectionErrorPopupView.swift */,
				8FB0BC5B292287AD00D4C210 /* GenericErrorPopupView.swift */,
			);
			path = ErrorPopups;
			sourceTree = "<group>";
		};
		8FA3C84628F2DF8300F1D070 /* Services */ = {
			isa = PBXGroup;
			children = (
				8FA563A428F014BE00C54AF2 /* API.swift */,
				8F17B9CA28FB564000B4308C /* DependencyInjector.swift */,
				8FA3C84028F1B10E00F1D070 /* NotificationManager.swift */,
				8F69376929212B3D0061A93E /* StorageManager.swift */,
			);
			path = Services;
			sourceTree = "<group>";
		};
		8FA563A328F0137E00C54AF2 /* Model */ = {
			isa = PBXGroup;
			children = (
				8FFD7547290AD3DB005237A9 /* Action.swift */,
				8FA563A828F0240800C54AF2 /* AuthResponse.swift */,
				8F9DE0532922F25700A4FABB /* ErrorResponse.swift */,
				8FFD7545290AC005005237A9 /* Event.swift */,
				8FFD7543290ABF27005237A9 /* Picture.swift */,
				8F095E9729040E4800DBCECA /* Place.swift */,
				8F6B23D628F7FBBF0079F0FC /* Plant.swift */,
				8FFD753E29095851005237A9 /* PlantEntry.swift */,
				8FA563B028F04AAA00C54AF2 /* Reminder.swift */,
				8F095E912903E24A00DBCECA /* Team.swift */,
				8FFD753829058C7A005237A9 /* TeamMember.swift */,
				8F8F5A5D2902BDE5009D6DC9 /* TeamSummary.swift */,
				8FFD7549290AD473005237A9 /* User.swift */,
			);
			path = Model;
			sourceTree = "<group>";
		};
/* End PBXGroup section */

/* Begin PBXNativeTarget section */
		8F24E74428EECB86008D5AEE /* sprinkled-ios */ = {
			isa = PBXNativeTarget;
			buildConfigurationList = 8F24E75328EECB8A008D5AEE /* Build configuration list for PBXNativeTarget "sprinkled-ios" */;
			buildPhases = (
				8F24E74128EECB86008D5AEE /* Sources */,
				8F24E74228EECB86008D5AEE /* Frameworks */,
				8F24E74328EECB86008D5AEE /* Resources */,
			);
			buildRules = (
			);
			dependencies = (
			);
			name = "sprinkled-ios";
			packageProductDependencies = (
				8FA3C83E28F1992E00F1D070 /* JWTDecode */,
				8F6B23DF28F8268F0079F0FC /* Kingfisher */,
				8FFD75412909621E005237A9 /* Shimmer */,
				8FB43FEF290EBF36009202F4 /* Collections */,
				8F693767292129AC0061A93E /* FirebaseStorage */,
				8F69376C29224E5F0061A93E /* PopupView */,
			);
			productName = "sprinkled-ios";
			productReference = 8F24E74528EECB86008D5AEE /* sprinkled-ios.app */;
			productType = "com.apple.product-type.application";
		};
		8F2FBE14290176CD00614EB4 /* sprinkled-ios-tests */ = {
			isa = PBXNativeTarget;
			buildConfigurationList = 8F2FBE1B290176CD00614EB4 /* Build configuration list for PBXNativeTarget "sprinkled-ios-tests" */;
			buildPhases = (
				8F2FBE11290176CD00614EB4 /* Sources */,
				8F2FBE12290176CD00614EB4 /* Frameworks */,
				8F2FBE13290176CD00614EB4 /* Resources */,
			);
			buildRules = (
			);
			dependencies = (
				8F2FBE1A290176CD00614EB4 /* PBXTargetDependency */,
			);
			name = "sprinkled-ios-tests";
			productName = "sprinkled-ios-tests";
			productReference = 8F2FBE15290176CD00614EB4 /* sprinkled-ios-tests.xctest */;
			productType = "com.apple.product-type.bundle.unit-test";
		};
/* End PBXNativeTarget section */

/* Begin PBXProject section */
		8F24E73D28EECB86008D5AEE /* Project object */ = {
			isa = PBXProject;
			attributes = {
				BuildIndependentTargetsInParallel = 1;
				LastSwiftUpdateCheck = 1400;
				LastUpgradeCheck = 1400;
				TargetAttributes = {
					8F24E74428EECB86008D5AEE = {
						CreatedOnToolsVersion = 14.0.1;
					};
					8F2FBE14290176CD00614EB4 = {
						CreatedOnToolsVersion = 14.0.1;
						TestTargetID = 8F24E74428EECB86008D5AEE;
					};
				};
			};
			buildConfigurationList = 8F24E74028EECB86008D5AEE /* Build configuration list for PBXProject "sprinkled-ios" */;
			compatibilityVersion = "Xcode 14.0";
			developmentRegion = en;
			hasScannedForEncodings = 0;
			knownRegions = (
				en,
				Base,
			);
			mainGroup = 8F24E73C28EECB86008D5AEE;
			packageReferences = (
				8FA3C83D28F1992E00F1D070 /* XCRemoteSwiftPackageReference "JWTDecode" */,
				8F6B23DE28F8268F0079F0FC /* XCRemoteSwiftPackageReference "Kingfisher" */,
				8FFD75402909621E005237A9 /* XCRemoteSwiftPackageReference "SwiftUI-Shimmer" */,
				8FB43FEE290EBF36009202F4 /* XCRemoteSwiftPackageReference "swift-collections" */,
				8F693766292129AB0061A93E /* XCRemoteSwiftPackageReference "firebase-ios-sdk" */,
				8F69376B29224E5E0061A93E /* XCRemoteSwiftPackageReference "PopupView" */,
			);
			productRefGroup = 8F24E74628EECB86008D5AEE /* Products */;
			projectDirPath = "";
			projectRoot = "";
			targets = (
				8F24E74428EECB86008D5AEE /* sprinkled-ios */,
				8F2FBE14290176CD00614EB4 /* sprinkled-ios-tests */,
			);
		};
/* End PBXProject section */

/* Begin PBXResourcesBuildPhase section */
		8F24E74328EECB86008D5AEE /* Resources */ = {
			isa = PBXResourcesBuildPhase;
			buildActionMask = 2147483647;
			files = (
				8F24E75028EECB8A008D5AEE /* Preview Assets.xcassets in Resources */,
				8F24E74D28EECB8A008D5AEE /* Assets.xcassets in Resources */,
				8F66E1BD28FD9D950071C879 /* GoogleService-Info.plist in Resources */,
			);
			runOnlyForDeploymentPostprocessing = 0;
		};
		8F2FBE13290176CD00614EB4 /* Resources */ = {
			isa = PBXResourcesBuildPhase;
			buildActionMask = 2147483647;
			files = (
			);
			runOnlyForDeploymentPostprocessing = 0;
		};
/* End PBXResourcesBuildPhase section */

/* Begin PBXSourcesBuildPhase section */
		8F24E74128EECB86008D5AEE /* Sources */ = {
			isa = PBXSourcesBuildPhase;
			buildActionMask = 2147483647;
			files = (
				8FE3448029180A6800247333 /* AddMemberViewModel.swift in Sources */,
				8F095E962904066800DBCECA /* Styles.swift in Sources */,
				8F69377429225FA10061A93E /* ConnectionErrorPopupView.swift in Sources */,
				8FB43FF22912C6E9009202F4 /* UIElements.swift in Sources */,
				8FFD7548290AD3DB005237A9 /* Action.swift in Sources */,
				8FFD7546290AC005005237A9 /* Event.swift in Sources */,
				8F24E76028EEDCEA008D5AEE /* SearchView.swift in Sources */,
				8FFD753B2909564A005237A9 /* PlantEntryViewModel.swift in Sources */,
				8F6B23DD28F81A640079F0FC /* TestData.swift in Sources */,
				8FA3C84128F1B10E00F1D070 /* NotificationManager.swift in Sources */,
				8F24E76428EEE5A9008D5AEE /* RootViewModel.swift in Sources */,
				8F8F5A5829029E2C009D6DC9 /* MyPlantsViewModel.swift in Sources */,
				8F24E75E28EEDCD9008D5AEE /* ProfileView.swift in Sources */,
				8F095E922903E24A00DBCECA /* Team.swift in Sources */,
				8FA07B2D290D48CB0019C142 /* AddReminderView.swift in Sources */,
				8F24E74B28EECB86008D5AEE /* RootView.swift in Sources */,
				8FA07B23290BDC570019C142 /* PictureView.swift in Sources */,
				8F095E9829040E4800DBCECA /* Place.swift in Sources */,
				8FE3447E2918086E00247333 /* AddMemberView.swift in Sources */,
				8F17B9CB28FB564000B4308C /* DependencyInjector.swift in Sources */,
				8F8F5A602902EFC9009D6DC9 /* CreateTeamView.swift in Sources */,
				8FA563B328F0677800C54AF2 /* Errors.swift in Sources */,
				8F8F5A5E2902BDE5009D6DC9 /* TeamSummary.swift in Sources */,
				8FA07B2B290D469D0019C142 /* AddReminderViewModel.swift in Sources */,
				8F693762292036440061A93E /* EditEventViewModel.swift in Sources */,
				8F6B23D528F7FB350079F0FC /* SearchViewModel.swift in Sources */,
				8FA563A928F0240800C54AF2 /* AuthResponse.swift in Sources */,
				8F17B9C928FAD73D00B4308C /* TabBarState.swift in Sources */,
				8FFD7544290ABF27005237A9 /* Picture.swift in Sources */,
				8FA07B29290D0B8C0019C142 /* AddEventView.swift in Sources */,
				8F24E76228EEDD13008D5AEE /* TaskView.swift in Sources */,
				8FFD753F29095851005237A9 /* PlantEntry.swift in Sources */,
				8FB0BC5C292287AD00D4C210 /* GenericErrorPopupView.swift in Sources */,
				8F9DE0542922F25700A4FABB /* ErrorResponse.swift in Sources */,
				8FFD754A290AD474005237A9 /* User.swift in Sources */,
				8F92BAEC2922B4940092BF55 /* TabBarView.swift in Sources */,
				8FE3447C2916A9AF00247333 /* Utils.swift in Sources */,
				8F69375E291FF3EF0061A93E /* EditReminderView.swift in Sources */,
				8FFD753929058C7A005237A9 /* TeamMember.swift in Sources */,
				8F24E76A28EEF664008D5AEE /* Extensions.swift in Sources */,
				8F24E75C28EEDCBD008D5AEE /* MyPlantsView.swift in Sources */,
				8FA563B128F04AAA00C54AF2 /* Reminder.swift in Sources */,
				8FA563A228EF0A1000C54AF2 /* ProfileViewModel.swift in Sources */,
				8F24E76628EEF0B3008D5AEE /* AuthView.swift in Sources */,
				8F8F5A5C2902BBFE009D6DC9 /* CreatePlaceView.swift in Sources */,
				8F24E74928EECB86008D5AEE /* SprinkledApp.swift in Sources */,
				8FFD753D29095661005237A9 /* PlantEntryView.swift in Sources */,
				8F6B23E428F88E870079F0FC /* PlantDetailViewModel.swift in Sources */,
				8F6937602920362B0061A93E /* EditReminderViewModel.swift in Sources */,
				8FA563A528F014BE00C54AF2 /* API.swift in Sources */,
				8FFD753329053DEB005237A9 /* PlaceViewModel.swift in Sources */,
				8F6937652920FA8C0061A93E /* ImagePicker.swift in Sources */,
				8F6B23D728F7FBBF0079F0FC /* Plant.swift in Sources */,
				8FA07B25290BE4C80019C142 /* PictureViewState.swift in Sources */,
				8FFD753729058446005237A9 /* TeamViewModel.swift in Sources */,
				8F095E94290403EB00DBCECA /* CreatePlaceViewModel.swift in Sources */,
				8FA07B27290D0A340019C142 /* AddEventViewModel.swift in Sources */,
				8F69376F292255290061A93E /* ErrorPopupsState.swift in Sources */,
				8F69376A29212B3E0061A93E /* StorageManager.swift in Sources */,
				8FB43FED290EBEAC009202F4 /* TaskViewModel.swift in Sources */,
				8F095E902903DEE300DBCECA /* CreateTeamViewModel.swift in Sources */,
				8F6B23E228F88E280079F0FC /* PlantDetailView.swift in Sources */,
				8F24E76828EEF5AF008D5AEE /* AuthViewModel.swift in Sources */,
				8F8F5A5A2902BBF4009D6DC9 /* PlaceView.swift in Sources */,
				8FA38EA628F9A83400C78C2E /* AppDelegate.swift in Sources */,
				8FFD7535290583FA005237A9 /* TeamView.swift in Sources */,
				8F69375C291FF3D30061A93E /* EditEventView.swift in Sources */,
			);
			runOnlyForDeploymentPostprocessing = 0;
		};
		8F2FBE11290176CD00614EB4 /* Sources */ = {
			isa = PBXSourcesBuildPhase;
			buildActionMask = 2147483647;
			files = (
				8F2FBE18290176CD00614EB4 /* SearchViewModelTests.swift in Sources */,
			);
			runOnlyForDeploymentPostprocessing = 0;
		};
/* End PBXSourcesBuildPhase section */

/* Begin PBXTargetDependency section */
		8F2FBE1A290176CD00614EB4 /* PBXTargetDependency */ = {
			isa = PBXTargetDependency;
			target = 8F24E74428EECB86008D5AEE /* sprinkled-ios */;
			targetProxy = 8F2FBE19290176CD00614EB4 /* PBXContainerItemProxy */;
		};
/* End PBXTargetDependency section */

/* Begin XCBuildConfiguration section */
		8F24E75128EECB8A008D5AEE /* Debug */ = {
			isa = XCBuildConfiguration;
			buildSettings = {
				ALWAYS_SEARCH_USER_PATHS = NO;
				CLANG_ANALYZER_NONNULL = YES;
				CLANG_ANALYZER_NUMBER_OBJECT_CONVERSION = YES_AGGRESSIVE;
				CLANG_CXX_LANGUAGE_STANDARD = "gnu++20";
				CLANG_ENABLE_MODULES = YES;
				CLANG_ENABLE_OBJC_ARC = YES;
				CLANG_ENABLE_OBJC_WEAK = YES;
				CLANG_WARN_BLOCK_CAPTURE_AUTORELEASING = YES;
				CLANG_WARN_BOOL_CONVERSION = YES;
				CLANG_WARN_COMMA = YES;
				CLANG_WARN_CONSTANT_CONVERSION = YES;
				CLANG_WARN_DEPRECATED_OBJC_IMPLEMENTATIONS = YES;
				CLANG_WARN_DIRECT_OBJC_ISA_USAGE = YES_ERROR;
				CLANG_WARN_DOCUMENTATION_COMMENTS = YES;
				CLANG_WARN_EMPTY_BODY = YES;
				CLANG_WARN_ENUM_CONVERSION = YES;
				CLANG_WARN_INFINITE_RECURSION = YES;
				CLANG_WARN_INT_CONVERSION = YES;
				CLANG_WARN_NON_LITERAL_NULL_CONVERSION = YES;
				CLANG_WARN_OBJC_IMPLICIT_RETAIN_SELF = YES;
				CLANG_WARN_OBJC_LITERAL_CONVERSION = YES;
				CLANG_WARN_OBJC_ROOT_CLASS = YES_ERROR;
				CLANG_WARN_QUOTED_INCLUDE_IN_FRAMEWORK_HEADER = YES;
				CLANG_WARN_RANGE_LOOP_ANALYSIS = YES;
				CLANG_WARN_STRICT_PROTOTYPES = YES;
				CLANG_WARN_SUSPICIOUS_MOVE = YES;
				CLANG_WARN_UNGUARDED_AVAILABILITY = YES_AGGRESSIVE;
				CLANG_WARN_UNREACHABLE_CODE = YES;
				CLANG_WARN__DUPLICATE_METHOD_MATCH = YES;
				COPY_PHASE_STRIP = NO;
				DEBUG_INFORMATION_FORMAT = dwarf;
				ENABLE_STRICT_OBJC_MSGSEND = YES;
				ENABLE_TESTABILITY = YES;
				GCC_C_LANGUAGE_STANDARD = gnu11;
				GCC_DYNAMIC_NO_PIC = NO;
				GCC_NO_COMMON_BLOCKS = YES;
				GCC_OPTIMIZATION_LEVEL = 0;
				GCC_PREPROCESSOR_DEFINITIONS = (
					"DEBUG=1",
					"$(inherited)",
				);
				GCC_WARN_64_TO_32_BIT_CONVERSION = YES;
				GCC_WARN_ABOUT_RETURN_TYPE = YES_ERROR;
				GCC_WARN_UNDECLARED_SELECTOR = YES;
				GCC_WARN_UNINITIALIZED_AUTOS = YES_AGGRESSIVE;
				GCC_WARN_UNUSED_FUNCTION = YES;
				GCC_WARN_UNUSED_VARIABLE = YES;
				IPHONEOS_DEPLOYMENT_TARGET = 16.0;
				MTL_ENABLE_DEBUG_INFO = INCLUDE_SOURCE;
				MTL_FAST_MATH = YES;
				ONLY_ACTIVE_ARCH = YES;
				SDKROOT = iphoneos;
				SWIFT_ACTIVE_COMPILATION_CONDITIONS = DEBUG;
				SWIFT_OPTIMIZATION_LEVEL = "-Onone";
			};
			name = Debug;
		};
		8F24E75228EECB8A008D5AEE /* Release */ = {
			isa = XCBuildConfiguration;
			buildSettings = {
				ALWAYS_SEARCH_USER_PATHS = NO;
				CLANG_ANALYZER_NONNULL = YES;
				CLANG_ANALYZER_NUMBER_OBJECT_CONVERSION = YES_AGGRESSIVE;
				CLANG_CXX_LANGUAGE_STANDARD = "gnu++20";
				CLANG_ENABLE_MODULES = YES;
				CLANG_ENABLE_OBJC_ARC = YES;
				CLANG_ENABLE_OBJC_WEAK = YES;
				CLANG_WARN_BLOCK_CAPTURE_AUTORELEASING = YES;
				CLANG_WARN_BOOL_CONVERSION = YES;
				CLANG_WARN_COMMA = YES;
				CLANG_WARN_CONSTANT_CONVERSION = YES;
				CLANG_WARN_DEPRECATED_OBJC_IMPLEMENTATIONS = YES;
				CLANG_WARN_DIRECT_OBJC_ISA_USAGE = YES_ERROR;
				CLANG_WARN_DOCUMENTATION_COMMENTS = YES;
				CLANG_WARN_EMPTY_BODY = YES;
				CLANG_WARN_ENUM_CONVERSION = YES;
				CLANG_WARN_INFINITE_RECURSION = YES;
				CLANG_WARN_INT_CONVERSION = YES;
				CLANG_WARN_NON_LITERAL_NULL_CONVERSION = YES;
				CLANG_WARN_OBJC_IMPLICIT_RETAIN_SELF = YES;
				CLANG_WARN_OBJC_LITERAL_CONVERSION = YES;
				CLANG_WARN_OBJC_ROOT_CLASS = YES_ERROR;
				CLANG_WARN_QUOTED_INCLUDE_IN_FRAMEWORK_HEADER = YES;
				CLANG_WARN_RANGE_LOOP_ANALYSIS = YES;
				CLANG_WARN_STRICT_PROTOTYPES = YES;
				CLANG_WARN_SUSPICIOUS_MOVE = YES;
				CLANG_WARN_UNGUARDED_AVAILABILITY = YES_AGGRESSIVE;
				CLANG_WARN_UNREACHABLE_CODE = YES;
				CLANG_WARN__DUPLICATE_METHOD_MATCH = YES;
				COPY_PHASE_STRIP = NO;
				DEBUG_INFORMATION_FORMAT = "dwarf-with-dsym";
				ENABLE_NS_ASSERTIONS = NO;
				ENABLE_STRICT_OBJC_MSGSEND = YES;
				GCC_C_LANGUAGE_STANDARD = gnu11;
				GCC_NO_COMMON_BLOCKS = YES;
				GCC_WARN_64_TO_32_BIT_CONVERSION = YES;
				GCC_WARN_ABOUT_RETURN_TYPE = YES_ERROR;
				GCC_WARN_UNDECLARED_SELECTOR = YES;
				GCC_WARN_UNINITIALIZED_AUTOS = YES_AGGRESSIVE;
				GCC_WARN_UNUSED_FUNCTION = YES;
				GCC_WARN_UNUSED_VARIABLE = YES;
				IPHONEOS_DEPLOYMENT_TARGET = 16.0;
				MTL_ENABLE_DEBUG_INFO = NO;
				MTL_FAST_MATH = YES;
				SDKROOT = iphoneos;
				SWIFT_COMPILATION_MODE = wholemodule;
				SWIFT_OPTIMIZATION_LEVEL = "-O";
				VALIDATE_PRODUCT = YES;
			};
			name = Release;
		};
		8F24E75428EECB8A008D5AEE /* Debug */ = {
			isa = XCBuildConfiguration;
			buildSettings = {
				ASSETCATALOG_COMPILER_APPICON_NAME = AppIcon;
				ASSETCATALOG_COMPILER_GLOBAL_ACCENT_COLOR_NAME = AccentColor;
				CODE_SIGN_ENTITLEMENTS = "sprinkled-ios/sprinkled-ios.entitlements";
				CODE_SIGN_IDENTITY = "Apple Development";
				CODE_SIGN_STYLE = Automatic;
				CURRENT_PROJECT_VERSION = 1;
				DEVELOPMENT_ASSET_PATHS = "\"sprinkled-ios/Preview Content\"";
				DEVELOPMENT_TEAM = LZFDNCMC92;
				GENERATE_INFOPLIST_FILE = YES;
				INFOPLIST_FILE = "sprinkled-ios/Info.plist";
				INFOPLIST_KEY_CFBundleDisplayName = Sprinkled;
				INFOPLIST_KEY_LSApplicationCategoryType = "public.app-category.lifestyle";
				INFOPLIST_KEY_UIApplicationSceneManifest_Generation = YES;
				INFOPLIST_KEY_UIApplicationSupportsIndirectInputEvents = YES;
				INFOPLIST_KEY_UILaunchScreen_Generation = YES;
				INFOPLIST_KEY_UISupportedInterfaceOrientations = UIInterfaceOrientationPortrait;
				INFOPLIST_KEY_UISupportedInterfaceOrientations_iPad = "UIInterfaceOrientationLandscapeLeft UIInterfaceOrientationLandscapeRight UIInterfaceOrientationPortrait UIInterfaceOrientationPortraitUpsideDown";
				LD_RUNPATH_SEARCH_PATHS = (
					"$(inherited)",
					"@executable_path/Frameworks",
				);
				MARKETING_VERSION = 1.0;
				PRODUCT_BUNDLE_IDENTIFIER = "cz.lukaslitvan.sprinkled-ios";
				PRODUCT_NAME = "$(TARGET_NAME)";
				PROVISIONING_PROFILE_SPECIFIER = "";
				SUPPORTED_PLATFORMS = "iphoneos iphonesimulator";
				SUPPORTS_MACCATALYST = NO;
				SUPPORTS_MAC_DESIGNED_FOR_IPHONE_IPAD = NO;
				SWIFT_EMIT_LOC_STRINGS = YES;
				SWIFT_VERSION = 5.0;
				TARGETED_DEVICE_FAMILY = 1;
			};
			name = Debug;
		};
		8F24E75528EECB8A008D5AEE /* Release */ = {
			isa = XCBuildConfiguration;
			buildSettings = {
				ASSETCATALOG_COMPILER_APPICON_NAME = AppIcon;
				ASSETCATALOG_COMPILER_GLOBAL_ACCENT_COLOR_NAME = AccentColor;
				CODE_SIGN_ENTITLEMENTS = "sprinkled-ios/sprinkled-ios.entitlements";
				CODE_SIGN_IDENTITY = "Apple Development";
				CODE_SIGN_STYLE = Automatic;
				CURRENT_PROJECT_VERSION = 1;
				DEVELOPMENT_ASSET_PATHS = "\"sprinkled-ios/Preview Content\"";
				DEVELOPMENT_TEAM = LZFDNCMC92;
				GENERATE_INFOPLIST_FILE = YES;
				INFOPLIST_FILE = "sprinkled-ios/Info.plist";
				INFOPLIST_KEY_CFBundleDisplayName = Sprinkled;
				INFOPLIST_KEY_LSApplicationCategoryType = "public.app-category.lifestyle";
				INFOPLIST_KEY_UIApplicationSceneManifest_Generation = YES;
				INFOPLIST_KEY_UIApplicationSupportsIndirectInputEvents = YES;
				INFOPLIST_KEY_UILaunchScreen_Generation = YES;
				INFOPLIST_KEY_UISupportedInterfaceOrientations = UIInterfaceOrientationPortrait;
				INFOPLIST_KEY_UISupportedInterfaceOrientations_iPad = "UIInterfaceOrientationLandscapeLeft UIInterfaceOrientationLandscapeRight UIInterfaceOrientationPortrait UIInterfaceOrientationPortraitUpsideDown";
				LD_RUNPATH_SEARCH_PATHS = (
					"$(inherited)",
					"@executable_path/Frameworks",
				);
				MARKETING_VERSION = 1.0;
				PRODUCT_BUNDLE_IDENTIFIER = "cz.lukaslitvan.sprinkled-ios";
				PRODUCT_NAME = "$(TARGET_NAME)";
				PROVISIONING_PROFILE_SPECIFIER = "";
				SUPPORTED_PLATFORMS = "iphoneos iphonesimulator";
				SUPPORTS_MACCATALYST = NO;
				SUPPORTS_MAC_DESIGNED_FOR_IPHONE_IPAD = NO;
				SWIFT_EMIT_LOC_STRINGS = YES;
				SWIFT_VERSION = 5.0;
				TARGETED_DEVICE_FAMILY = 1;
			};
			name = Release;
		};
		8F2FBE1C290176CD00614EB4 /* Debug */ = {
			isa = XCBuildConfiguration;
			buildSettings = {
				BUNDLE_LOADER = "$(TEST_HOST)";
				CODE_SIGN_STYLE = Automatic;
				CURRENT_PROJECT_VERSION = 1;
				DEVELOPMENT_TEAM = LZFDNCMC92;
				GENERATE_INFOPLIST_FILE = YES;
				MARKETING_VERSION = 1.0;
				PRODUCT_BUNDLE_IDENTIFIER = "cz.lukaslitvan.sprinkled-ios-tests";
				PRODUCT_NAME = "$(TARGET_NAME)";
				SUPPORTED_PLATFORMS = "iphoneos iphonesimulator";
				SUPPORTS_MACCATALYST = NO;
				SUPPORTS_MAC_DESIGNED_FOR_IPHONE_IPAD = NO;
				SWIFT_EMIT_LOC_STRINGS = NO;
				SWIFT_VERSION = 5.0;
				TARGETED_DEVICE_FAMILY = 1;
				TEST_HOST = "$(BUILT_PRODUCTS_DIR)/sprinkled-ios.app/$(BUNDLE_EXECUTABLE_FOLDER_PATH)/sprinkled-ios";
			};
			name = Debug;
		};
		8F2FBE1D290176CD00614EB4 /* Release */ = {
			isa = XCBuildConfiguration;
			buildSettings = {
				BUNDLE_LOADER = "$(TEST_HOST)";
				CODE_SIGN_STYLE = Automatic;
				CURRENT_PROJECT_VERSION = 1;
				DEVELOPMENT_TEAM = LZFDNCMC92;
				GENERATE_INFOPLIST_FILE = YES;
				MARKETING_VERSION = 1.0;
				PRODUCT_BUNDLE_IDENTIFIER = "cz.lukaslitvan.sprinkled-ios-tests";
				PRODUCT_NAME = "$(TARGET_NAME)";
				SUPPORTED_PLATFORMS = "iphoneos iphonesimulator";
				SUPPORTS_MACCATALYST = NO;
				SUPPORTS_MAC_DESIGNED_FOR_IPHONE_IPAD = NO;
				SWIFT_EMIT_LOC_STRINGS = NO;
				SWIFT_VERSION = 5.0;
				TARGETED_DEVICE_FAMILY = 1;
				TEST_HOST = "$(BUILT_PRODUCTS_DIR)/sprinkled-ios.app/$(BUNDLE_EXECUTABLE_FOLDER_PATH)/sprinkled-ios";
			};
			name = Release;
		};
/* End XCBuildConfiguration section */

/* Begin XCConfigurationList section */
		8F24E74028EECB86008D5AEE /* Build configuration list for PBXProject "sprinkled-ios" */ = {
			isa = XCConfigurationList;
			buildConfigurations = (
				8F24E75128EECB8A008D5AEE /* Debug */,
				8F24E75228EECB8A008D5AEE /* Release */,
			);
			defaultConfigurationIsVisible = 0;
			defaultConfigurationName = Release;
		};
		8F24E75328EECB8A008D5AEE /* Build configuration list for PBXNativeTarget "sprinkled-ios" */ = {
			isa = XCConfigurationList;
			buildConfigurations = (
				8F24E75428EECB8A008D5AEE /* Debug */,
				8F24E75528EECB8A008D5AEE /* Release */,
			);
			defaultConfigurationIsVisible = 0;
			defaultConfigurationName = Release;
		};
		8F2FBE1B290176CD00614EB4 /* Build configuration list for PBXNativeTarget "sprinkled-ios-tests" */ = {
			isa = XCConfigurationList;
			buildConfigurations = (
				8F2FBE1C290176CD00614EB4 /* Debug */,
				8F2FBE1D290176CD00614EB4 /* Release */,
			);
			defaultConfigurationIsVisible = 0;
			defaultConfigurationName = Release;
		};
/* End XCConfigurationList section */

/* Begin XCRemoteSwiftPackageReference section */
		8F693766292129AB0061A93E /* XCRemoteSwiftPackageReference "firebase-ios-sdk" */ = {
			isa = XCRemoteSwiftPackageReference;
			repositoryURL = "https://github.com/firebase/firebase-ios-sdk";
			requirement = {
				kind = upToNextMajorVersion;
				minimumVersion = 10.0.0;
			};
		};
		8F69376B29224E5E0061A93E /* XCRemoteSwiftPackageReference "PopupView" */ = {
			isa = XCRemoteSwiftPackageReference;
			repositoryURL = "https://github.com/exyte/PopupView.git";
			requirement = {
				kind = upToNextMajorVersion;
				minimumVersion = 1.0.0;
			};
		};
		8F6B23DE28F8268F0079F0FC /* XCRemoteSwiftPackageReference "Kingfisher" */ = {
			isa = XCRemoteSwiftPackageReference;
			repositoryURL = "https://github.com/onevcat/Kingfisher.git";
			requirement = {
				kind = upToNextMajorVersion;
				minimumVersion = 7.0.0;
			};
		};
		8FA3C83D28F1992E00F1D070 /* XCRemoteSwiftPackageReference "JWTDecode" */ = {
			isa = XCRemoteSwiftPackageReference;
			repositoryURL = "https://github.com/auth0/JWTDecode.swift";
			requirement = {
				kind = upToNextMajorVersion;
				minimumVersion = 3.0.0;
			};
		};
		8FB43FEE290EBF36009202F4 /* XCRemoteSwiftPackageReference "swift-collections" */ = {
			isa = XCRemoteSwiftPackageReference;
			repositoryURL = "https://github.com/apple/swift-collections.git";
			requirement = {
				kind = upToNextMajorVersion;
				minimumVersion = 1.0.0;
			};
		};
		8FFD75402909621E005237A9 /* XCRemoteSwiftPackageReference "SwiftUI-Shimmer" */ = {
			isa = XCRemoteSwiftPackageReference;
			repositoryURL = "https://github.com/markiv/SwiftUI-Shimmer";
			requirement = {
				kind = upToNextMajorVersion;
				minimumVersion = 1.0.0;
			};
		};
/* End XCRemoteSwiftPackageReference section */

/* Begin XCSwiftPackageProductDependency section */
		8F693767292129AC0061A93E /* FirebaseStorage */ = {
			isa = XCSwiftPackageProductDependency;
			package = 8F693766292129AB0061A93E /* XCRemoteSwiftPackageReference "firebase-ios-sdk" */;
			productName = FirebaseStorage;
		};
		8F69376C29224E5F0061A93E /* PopupView */ = {
			isa = XCSwiftPackageProductDependency;
			package = 8F69376B29224E5E0061A93E /* XCRemoteSwiftPackageReference "PopupView" */;
			productName = PopupView;
		};
		8F6B23DF28F8268F0079F0FC /* Kingfisher */ = {
			isa = XCSwiftPackageProductDependency;
			package = 8F6B23DE28F8268F0079F0FC /* XCRemoteSwiftPackageReference "Kingfisher" */;
			productName = Kingfisher;
		};
		8FA3C83E28F1992E00F1D070 /* JWTDecode */ = {
			isa = XCSwiftPackageProductDependency;
			package = 8FA3C83D28F1992E00F1D070 /* XCRemoteSwiftPackageReference "JWTDecode" */;
			productName = JWTDecode;
		};
		8FB43FEF290EBF36009202F4 /* Collections */ = {
			isa = XCSwiftPackageProductDependency;
			package = 8FB43FEE290EBF36009202F4 /* XCRemoteSwiftPackageReference "swift-collections" */;
			productName = Collections;
		};
		8FFD75412909621E005237A9 /* Shimmer */ = {
			isa = XCSwiftPackageProductDependency;
			package = 8FFD75402909621E005237A9 /* XCRemoteSwiftPackageReference "SwiftUI-Shimmer" */;
			productName = Shimmer;
		};
/* End XCSwiftPackageProductDependency section */
	};
	rootObject = 8F24E73D28EECB86008D5AEE /* Project object */;
}
