// !$*UTF8*$!
{
	archiveVersion = 1;
	classes = {
	};
	objectVersion = 56;
	objects = {

/* Begin PBXBuildFile section */
		8F17B9C928FAD73D00B4308C /* TabBarState.swift in Sources */ = {isa = PBXBuildFile; fileRef = 8F17B9C828FAD73D00B4308C /* TabBarState.swift */; };
		8F24E74928EECB86008D5AEE /* SprinkledApp.swift in Sources */ = {isa = PBXBuildFile; fileRef = 8F24E74828EECB86008D5AEE /* SprinkledApp.swift */; };
		8F24E74B28EECB86008D5AEE /* RootView.swift in Sources */ = {isa = PBXBuildFile; fileRef = 8F24E74A28EECB86008D5AEE /* RootView.swift */; };
		8F24E74D28EECB8A008D5AEE /* Assets.xcassets in Resources */ = {isa = PBXBuildFile; fileRef = 8F24E74C28EECB8A008D5AEE /* Assets.xcassets */; };
		8F24E75028EECB8A008D5AEE /* Preview Assets.xcassets in Resources */ = {isa = PBXBuildFile; fileRef = 8F24E74F28EECB8A008D5AEE /* Preview Assets.xcassets */; };
		8F24E75C28EEDCBD008D5AEE /* MyPlantsView.swift in Sources */ = {isa = PBXBuildFile; fileRef = 8F24E75B28EEDCBD008D5AEE /* MyPlantsView.swift */; };
		8F24E75E28EEDCD9008D5AEE /* ProfileView.swift in Sources */ = {isa = PBXBuildFile; fileRef = 8F24E75D28EEDCD9008D5AEE /* ProfileView.swift */; };
		8F24E76028EEDCEA008D5AEE /* SearchView.swift in Sources */ = {isa = PBXBuildFile; fileRef = 8F24E75F28EEDCEA008D5AEE /* SearchView.swift */; };
		8F24E76228EEDD13008D5AEE /* TaskView.swift in Sources */ = {isa = PBXBuildFile; fileRef = 8F24E76128EEDD13008D5AEE /* TaskView.swift */; };
		8F24E76428EEE5A9008D5AEE /* RootViewModel.swift in Sources */ = {isa = PBXBuildFile; fileRef = 8F24E76328EEE5A9008D5AEE /* RootViewModel.swift */; };
		8F24E76628EEF0B3008D5AEE /* AuthView.swift in Sources */ = {isa = PBXBuildFile; fileRef = 8F24E76528EEF0B3008D5AEE /* AuthView.swift */; };
		8F24E76828EEF5AF008D5AEE /* AuthViewModel.swift in Sources */ = {isa = PBXBuildFile; fileRef = 8F24E76728EEF5AF008D5AEE /* AuthViewModel.swift */; };
		8F24E76A28EEF664008D5AEE /* Extensions.swift in Sources */ = {isa = PBXBuildFile; fileRef = 8F24E76928EEF664008D5AEE /* Extensions.swift */; };
		8F6B23D528F7FB350079F0FC /* SearchViewModel.swift in Sources */ = {isa = PBXBuildFile; fileRef = 8F6B23D428F7FB350079F0FC /* SearchViewModel.swift */; };
		8F6B23D728F7FBBF0079F0FC /* Plant.swift in Sources */ = {isa = PBXBuildFile; fileRef = 8F6B23D628F7FBBF0079F0FC /* Plant.swift */; };
		8F6B23DD28F81A640079F0FC /* TestData.swift in Sources */ = {isa = PBXBuildFile; fileRef = 8F6B23DC28F81A640079F0FC /* TestData.swift */; };
		8F6B23E028F8268F0079F0FC /* Kingfisher in Frameworks */ = {isa = PBXBuildFile; productRef = 8F6B23DF28F8268F0079F0FC /* Kingfisher */; };
		8F6B23E228F88E280079F0FC /* PlantDetailView.swift in Sources */ = {isa = PBXBuildFile; fileRef = 8F6B23E128F88E280079F0FC /* PlantDetailView.swift */; };
		8F6B23E428F88E870079F0FC /* PlantDetailViewModel.swift in Sources */ = {isa = PBXBuildFile; fileRef = 8F6B23E328F88E870079F0FC /* PlantDetailViewModel.swift */; };
		8FA38EA628F9A83400C78C2E /* AppDelegate.swift in Sources */ = {isa = PBXBuildFile; fileRef = 8FA38EA528F9A83400C78C2E /* AppDelegate.swift */; };
		8FA3C83F28F1992E00F1D070 /* JWTDecode in Frameworks */ = {isa = PBXBuildFile; productRef = 8FA3C83E28F1992E00F1D070 /* JWTDecode */; };
		8FA3C84128F1B10E00F1D070 /* NotificationManager.swift in Sources */ = {isa = PBXBuildFile; fileRef = 8FA3C84028F1B10E00F1D070 /* NotificationManager.swift */; };
		8FA563A228EF0A1000C54AF2 /* ProfileViewModel.swift in Sources */ = {isa = PBXBuildFile; fileRef = 8FA563A128EF0A0F00C54AF2 /* ProfileViewModel.swift */; };
		8FA563A528F014BE00C54AF2 /* API.swift in Sources */ = {isa = PBXBuildFile; fileRef = 8FA563A428F014BE00C54AF2 /* API.swift */; };
		8FA563A928F0240800C54AF2 /* AuthResponse.swift in Sources */ = {isa = PBXBuildFile; fileRef = 8FA563A828F0240800C54AF2 /* AuthResponse.swift */; };
		8FA563AF28F031A800C54AF2 /* AppDependency.swift in Sources */ = {isa = PBXBuildFile; fileRef = 8FA563AE28F031A800C54AF2 /* AppDependency.swift */; };
		8FA563B128F04AAA00C54AF2 /* Reminder.swift in Sources */ = {isa = PBXBuildFile; fileRef = 8FA563B028F04AAA00C54AF2 /* Reminder.swift */; };
		8FA563B328F0677800C54AF2 /* Errors.swift in Sources */ = {isa = PBXBuildFile; fileRef = 8FA563B228F0677800C54AF2 /* Errors.swift */; };
/* End PBXBuildFile section */

/* Begin PBXFileReference section */
		8F17B9C828FAD73D00B4308C /* TabBarState.swift */ = {isa = PBXFileReference; lastKnownFileType = sourcecode.swift; path = TabBarState.swift; sourceTree = "<group>"; };
		8F24E74528EECB86008D5AEE /* sprinkled-ios.app */ = {isa = PBXFileReference; explicitFileType = wrapper.application; includeInIndex = 0; path = "sprinkled-ios.app"; sourceTree = BUILT_PRODUCTS_DIR; };
		8F24E74828EECB86008D5AEE /* SprinkledApp.swift */ = {isa = PBXFileReference; lastKnownFileType = sourcecode.swift; path = SprinkledApp.swift; sourceTree = "<group>"; };
		8F24E74A28EECB86008D5AEE /* RootView.swift */ = {isa = PBXFileReference; lastKnownFileType = sourcecode.swift; path = RootView.swift; sourceTree = "<group>"; };
		8F24E74C28EECB8A008D5AEE /* Assets.xcassets */ = {isa = PBXFileReference; lastKnownFileType = folder.assetcatalog; path = Assets.xcassets; sourceTree = "<group>"; };
		8F24E74F28EECB8A008D5AEE /* Preview Assets.xcassets */ = {isa = PBXFileReference; lastKnownFileType = folder.assetcatalog; path = "Preview Assets.xcassets"; sourceTree = "<group>"; };
		8F24E75628EECCFE008D5AEE /* Info.plist */ = {isa = PBXFileReference; lastKnownFileType = text.plist; path = Info.plist; sourceTree = "<group>"; };
		8F24E75B28EEDCBD008D5AEE /* MyPlantsView.swift */ = {isa = PBXFileReference; lastKnownFileType = sourcecode.swift; path = MyPlantsView.swift; sourceTree = "<group>"; };
		8F24E75D28EEDCD9008D5AEE /* ProfileView.swift */ = {isa = PBXFileReference; lastKnownFileType = sourcecode.swift; path = ProfileView.swift; sourceTree = "<group>"; };
		8F24E75F28EEDCEA008D5AEE /* SearchView.swift */ = {isa = PBXFileReference; lastKnownFileType = sourcecode.swift; path = SearchView.swift; sourceTree = "<group>"; };
		8F24E76128EEDD13008D5AEE /* TaskView.swift */ = {isa = PBXFileReference; lastKnownFileType = sourcecode.swift; path = TaskView.swift; sourceTree = "<group>"; };
		8F24E76328EEE5A9008D5AEE /* RootViewModel.swift */ = {isa = PBXFileReference; lastKnownFileType = sourcecode.swift; path = RootViewModel.swift; sourceTree = "<group>"; };
		8F24E76528EEF0B3008D5AEE /* AuthView.swift */ = {isa = PBXFileReference; lastKnownFileType = sourcecode.swift; path = AuthView.swift; sourceTree = "<group>"; };
		8F24E76728EEF5AF008D5AEE /* AuthViewModel.swift */ = {isa = PBXFileReference; lastKnownFileType = sourcecode.swift; path = AuthViewModel.swift; sourceTree = "<group>"; };
		8F24E76928EEF664008D5AEE /* Extensions.swift */ = {isa = PBXFileReference; lastKnownFileType = sourcecode.swift; path = Extensions.swift; sourceTree = "<group>"; };
		8F6B23D428F7FB350079F0FC /* SearchViewModel.swift */ = {isa = PBXFileReference; lastKnownFileType = sourcecode.swift; path = SearchViewModel.swift; sourceTree = "<group>"; };
		8F6B23D628F7FBBF0079F0FC /* Plant.swift */ = {isa = PBXFileReference; lastKnownFileType = sourcecode.swift; path = Plant.swift; sourceTree = "<group>"; };
		8F6B23DC28F81A640079F0FC /* TestData.swift */ = {isa = PBXFileReference; lastKnownFileType = sourcecode.swift; path = TestData.swift; sourceTree = "<group>"; };
		8F6B23E128F88E280079F0FC /* PlantDetailView.swift */ = {isa = PBXFileReference; lastKnownFileType = sourcecode.swift; path = PlantDetailView.swift; sourceTree = "<group>"; };
		8F6B23E328F88E870079F0FC /* PlantDetailViewModel.swift */ = {isa = PBXFileReference; lastKnownFileType = sourcecode.swift; path = PlantDetailViewModel.swift; sourceTree = "<group>"; };
		8FA38EA428F9A1C200C78C2E /* sprinkled-ios.entitlements */ = {isa = PBXFileReference; lastKnownFileType = text.plist.entitlements; path = "sprinkled-ios.entitlements"; sourceTree = "<group>"; };
		8FA38EA528F9A83400C78C2E /* AppDelegate.swift */ = {isa = PBXFileReference; lastKnownFileType = sourcecode.swift; path = AppDelegate.swift; sourceTree = "<group>"; };
		8FA3C84028F1B10E00F1D070 /* NotificationManager.swift */ = {isa = PBXFileReference; lastKnownFileType = sourcecode.swift; path = NotificationManager.swift; sourceTree = "<group>"; };
		8FA563A128EF0A0F00C54AF2 /* ProfileViewModel.swift */ = {isa = PBXFileReference; lastKnownFileType = sourcecode.swift; path = ProfileViewModel.swift; sourceTree = "<group>"; };
		8FA563A428F014BE00C54AF2 /* API.swift */ = {isa = PBXFileReference; lastKnownFileType = sourcecode.swift; path = API.swift; sourceTree = "<group>"; };
		8FA563A828F0240800C54AF2 /* AuthResponse.swift */ = {isa = PBXFileReference; lastKnownFileType = sourcecode.swift; path = AuthResponse.swift; sourceTree = "<group>"; };
		8FA563AE28F031A800C54AF2 /* AppDependency.swift */ = {isa = PBXFileReference; lastKnownFileType = sourcecode.swift; path = AppDependency.swift; sourceTree = "<group>"; };
		8FA563B028F04AAA00C54AF2 /* Reminder.swift */ = {isa = PBXFileReference; lastKnownFileType = sourcecode.swift; path = Reminder.swift; sourceTree = "<group>"; };
		8FA563B228F0677800C54AF2 /* Errors.swift */ = {isa = PBXFileReference; lastKnownFileType = sourcecode.swift; path = Errors.swift; sourceTree = "<group>"; };
/* End PBXFileReference section */

/* Begin PBXFrameworksBuildPhase section */
		8F24E74228EECB86008D5AEE /* Frameworks */ = {
			isa = PBXFrameworksBuildPhase;
			buildActionMask = 2147483647;
			files = (
				8F6B23E028F8268F0079F0FC /* Kingfisher in Frameworks */,
				8FA3C83F28F1992E00F1D070 /* JWTDecode in Frameworks */,
			);
			runOnlyForDeploymentPostprocessing = 0;
		};
/* End PBXFrameworksBuildPhase section */

/* Begin PBXGroup section */
		8F24E73C28EECB86008D5AEE = {
			isa = PBXGroup;
			children = (
				8F24E74728EECB86008D5AEE /* sprinkled-ios */,
				8F24E74628EECB86008D5AEE /* Products */,
			);
			sourceTree = "<group>";
		};
		8F24E74628EECB86008D5AEE /* Products */ = {
			isa = PBXGroup;
			children = (
				8F24E74528EECB86008D5AEE /* sprinkled-ios.app */,
			);
			name = Products;
			sourceTree = "<group>";
		};
		8F24E74728EECB86008D5AEE /* sprinkled-ios */ = {
			isa = PBXGroup;
			children = (
				8FA38EA428F9A1C200C78C2E /* sprinkled-ios.entitlements */,
				8FA3C84628F2DF8300F1D070 /* Services */,
				8FA563A328F0137E00C54AF2 /* Model */,
				8F24E75A28EEDC99008D5AEE /* ViewModel */,
				8F24E75928EEDC8D008D5AEE /* View */,
				8F24E75628EECCFE008D5AEE /* Info.plist */,
				8FA38EA528F9A83400C78C2E /* AppDelegate.swift */,
				8FA563B228F0677800C54AF2 /* Errors.swift */,
				8F24E76928EEF664008D5AEE /* Extensions.swift */,
				8F24E74828EECB86008D5AEE /* SprinkledApp.swift */,
				8F17B9C828FAD73D00B4308C /* TabBarState.swift */,
				8F6B23DC28F81A640079F0FC /* TestData.swift */,
				8F24E74C28EECB8A008D5AEE /* Assets.xcassets */,
				8F24E74E28EECB8A008D5AEE /* Preview Content */,
			);
			path = "sprinkled-ios";
			sourceTree = "<group>";
		};
		8F24E74E28EECB8A008D5AEE /* Preview Content */ = {
			isa = PBXGroup;
			children = (
				8F24E74F28EECB8A008D5AEE /* Preview Assets.xcassets */,
			);
			path = "Preview Content";
			sourceTree = "<group>";
		};
		8F24E75928EEDC8D008D5AEE /* View */ = {
			isa = PBXGroup;
			children = (
				8F24E76528EEF0B3008D5AEE /* AuthView.swift */,
				8F24E75B28EEDCBD008D5AEE /* MyPlantsView.swift */,
				8F6B23E128F88E280079F0FC /* PlantDetailView.swift */,
				8F24E75D28EEDCD9008D5AEE /* ProfileView.swift */,
				8F24E74A28EECB86008D5AEE /* RootView.swift */,
				8F24E75F28EEDCEA008D5AEE /* SearchView.swift */,
				8F24E76128EEDD13008D5AEE /* TaskView.swift */,
			);
			path = View;
			sourceTree = "<group>";
		};
		8F24E75A28EEDC99008D5AEE /* ViewModel */ = {
			isa = PBXGroup;
			children = (
				8F24E76728EEF5AF008D5AEE /* AuthViewModel.swift */,
				8F6B23E328F88E870079F0FC /* PlantDetailViewModel.swift */,
				8FA563A128EF0A0F00C54AF2 /* ProfileViewModel.swift */,
				8F24E76328EEE5A9008D5AEE /* RootViewModel.swift */,
				8F6B23D428F7FB350079F0FC /* SearchViewModel.swift */,
			);
			path = ViewModel;
			sourceTree = "<group>";
		};
		8FA3C84628F2DF8300F1D070 /* Services */ = {
			isa = PBXGroup;
			children = (
				8FA563A428F014BE00C54AF2 /* API.swift */,
				8FA563AE28F031A800C54AF2 /* AppDependency.swift */,
				8FA3C84028F1B10E00F1D070 /* NotificationManager.swift */,
			);
			path = Services;
			sourceTree = "<group>";
		};
		8FA563A328F0137E00C54AF2 /* Model */ = {
			isa = PBXGroup;
			children = (
				8FA563A828F0240800C54AF2 /* AuthResponse.swift */,
				8FA563B028F04AAA00C54AF2 /* Reminder.swift */,
				8F6B23D628F7FBBF0079F0FC /* Plant.swift */,
			);
			path = Model;
			sourceTree = "<group>";
		};
/* End PBXGroup section */

/* Begin PBXNativeTarget section */
		8F24E74428EECB86008D5AEE /* sprinkled-ios */ = {
			isa = PBXNativeTarget;
			buildConfigurationList = 8F24E75328EECB8A008D5AEE /* Build configuration list for PBXNativeTarget "sprinkled-ios" */;
			buildPhases = (
				8F24E74128EECB86008D5AEE /* Sources */,
				8F24E74228EECB86008D5AEE /* Frameworks */,
				8F24E74328EECB86008D5AEE /* Resources */,
			);
			buildRules = (
			);
			dependencies = (
			);
			name = "sprinkled-ios";
			packageProductDependencies = (
				8FA3C83E28F1992E00F1D070 /* JWTDecode */,
				8F6B23DF28F8268F0079F0FC /* Kingfisher */,
			);
			productName = "sprinkled-ios";
			productReference = 8F24E74528EECB86008D5AEE /* sprinkled-ios.app */;
			productType = "com.apple.product-type.application";
		};
/* End PBXNativeTarget section */

/* Begin PBXProject section */
		8F24E73D28EECB86008D5AEE /* Project object */ = {
			isa = PBXProject;
			attributes = {
				BuildIndependentTargetsInParallel = 1;
				LastSwiftUpdateCheck = 1400;
				LastUpgradeCheck = 1400;
				TargetAttributes = {
					8F24E74428EECB86008D5AEE = {
						CreatedOnToolsVersion = 14.0.1;
					};
				};
			};
			buildConfigurationList = 8F24E74028EECB86008D5AEE /* Build configuration list for PBXProject "sprinkled-ios" */;
			compatibilityVersion = "Xcode 14.0";
			developmentRegion = en;
			hasScannedForEncodings = 0;
			knownRegions = (
				en,
				Base,
			);
			mainGroup = 8F24E73C28EECB86008D5AEE;
			packageReferences = (
				8FA3C83D28F1992E00F1D070 /* XCRemoteSwiftPackageReference "JWTDecode" */,
				8F6B23DE28F8268F0079F0FC /* XCRemoteSwiftPackageReference "Kingfisher" */,
			);
			productRefGroup = 8F24E74628EECB86008D5AEE /* Products */;
			projectDirPath = "";
			projectRoot = "";
			targets = (
				8F24E74428EECB86008D5AEE /* sprinkled-ios */,
			);
		};
/* End PBXProject section */

/* Begin PBXResourcesBuildPhase section */
		8F24E74328EECB86008D5AEE /* Resources */ = {
			isa = PBXResourcesBuildPhase;
			buildActionMask = 2147483647;
			files = (
				8F24E75028EECB8A008D5AEE /* Preview Assets.xcassets in Resources */,
				8F24E74D28EECB8A008D5AEE /* Assets.xcassets in Resources */,
			);
			runOnlyForDeploymentPostprocessing = 0;
		};
/* End PBXResourcesBuildPhase section */

/* Begin PBXSourcesBuildPhase section */
		8F24E74128EECB86008D5AEE /* Sources */ = {
			isa = PBXSourcesBuildPhase;
			buildActionMask = 2147483647;
			files = (
				8F24E76028EEDCEA008D5AEE /* SearchView.swift in Sources */,
				8F6B23DD28F81A640079F0FC /* TestData.swift in Sources */,
				8FA3C84128F1B10E00F1D070 /* NotificationManager.swift in Sources */,
				8F24E76428EEE5A9008D5AEE /* RootViewModel.swift in Sources */,
				8F24E75E28EEDCD9008D5AEE /* ProfileView.swift in Sources */,
				8F24E74B28EECB86008D5AEE /* RootView.swift in Sources */,
				8FA563B328F0677800C54AF2 /* Errors.swift in Sources */,
				8F6B23D528F7FB350079F0FC /* SearchViewModel.swift in Sources */,
				8FA563A928F0240800C54AF2 /* AuthResponse.swift in Sources */,
				8F17B9C928FAD73D00B4308C /* TabBarState.swift in Sources */,
				8FA563AF28F031A800C54AF2 /* AppDependency.swift in Sources */,
				8F24E76228EEDD13008D5AEE /* TaskView.swift in Sources */,
				8F24E76A28EEF664008D5AEE /* Extensions.swift in Sources */,
				8F24E75C28EEDCBD008D5AEE /* MyPlantsView.swift in Sources */,
				8FA563B128F04AAA00C54AF2 /* Reminder.swift in Sources */,
				8FA563A228EF0A1000C54AF2 /* ProfileViewModel.swift in Sources */,
				8F24E76628EEF0B3008D5AEE /* AuthView.swift in Sources */,
				8F24E74928EECB86008D5AEE /* SprinkledApp.swift in Sources */,
				8F6B23E428F88E870079F0FC /* PlantDetailViewModel.swift in Sources */,
				8FA563A528F014BE00C54AF2 /* API.swift in Sources */,
				8F6B23D728F7FBBF0079F0FC /* Plant.swift in Sources */,
				8F6B23E228F88E280079F0FC /* PlantDetailView.swift in Sources */,
				8F24E76828EEF5AF008D5AEE /* AuthViewModel.swift in Sources */,
				8FA38EA628F9A83400C78C2E /* AppDelegate.swift in Sources */,
			);
			runOnlyForDeploymentPostprocessing = 0;
		};
/* End PBXSourcesBuildPhase section */

/* Begin XCBuildConfiguration section */
		8F24E75128EECB8A008D5AEE /* Debug */ = {
			isa = XCBuildConfiguration;
			buildSettings = {
				ALWAYS_SEARCH_USER_PATHS = NO;
				CLANG_ANALYZER_NONNULL = YES;
				CLANG_ANALYZER_NUMBER_OBJECT_CONVERSION = YES_AGGRESSIVE;
				CLANG_CXX_LANGUAGE_STANDARD = "gnu++20";
				CLANG_ENABLE_MODULES = YES;
				CLANG_ENABLE_OBJC_ARC = YES;
				CLANG_ENABLE_OBJC_WEAK = YES;
				CLANG_WARN_BLOCK_CAPTURE_AUTORELEASING = YES;
				CLANG_WARN_BOOL_CONVERSION = YES;
				CLANG_WARN_COMMA = YES;
				CLANG_WARN_CONSTANT_CONVERSION = YES;
				CLANG_WARN_DEPRECATED_OBJC_IMPLEMENTATIONS = YES;
				CLANG_WARN_DIRECT_OBJC_ISA_USAGE = YES_ERROR;
				CLANG_WARN_DOCUMENTATION_COMMENTS = YES;
				CLANG_WARN_EMPTY_BODY = YES;
				CLANG_WARN_ENUM_CONVERSION = YES;
				CLANG_WARN_INFINITE_RECURSION = YES;
				CLANG_WARN_INT_CONVERSION = YES;
				CLANG_WARN_NON_LITERAL_NULL_CONVERSION = YES;
				CLANG_WARN_OBJC_IMPLICIT_RETAIN_SELF = YES;
				CLANG_WARN_OBJC_LITERAL_CONVERSION = YES;
				CLANG_WARN_OBJC_ROOT_CLASS = YES_ERROR;
				CLANG_WARN_QUOTED_INCLUDE_IN_FRAMEWORK_HEADER = YES;
				CLANG_WARN_RANGE_LOOP_ANALYSIS = YES;
				CLANG_WARN_STRICT_PROTOTYPES = YES;
				CLANG_WARN_SUSPICIOUS_MOVE = YES;
				CLANG_WARN_UNGUARDED_AVAILABILITY = YES_AGGRESSIVE;
				CLANG_WARN_UNREACHABLE_CODE = YES;
				CLANG_WARN__DUPLICATE_METHOD_MATCH = YES;
				COPY_PHASE_STRIP = NO;
				DEBUG_INFORMATION_FORMAT = dwarf;
				ENABLE_STRICT_OBJC_MSGSEND = YES;
				ENABLE_TESTABILITY = YES;
				GCC_C_LANGUAGE_STANDARD = gnu11;
				GCC_DYNAMIC_NO_PIC = NO;
				GCC_NO_COMMON_BLOCKS = YES;
				GCC_OPTIMIZATION_LEVEL = 0;
				GCC_PREPROCESSOR_DEFINITIONS = (
					"DEBUG=1",
					"$(inherited)",
				);
				GCC_WARN_64_TO_32_BIT_CONVERSION = YES;
				GCC_WARN_ABOUT_RETURN_TYPE = YES_ERROR;
				GCC_WARN_UNDECLARED_SELECTOR = YES;
				GCC_WARN_UNINITIALIZED_AUTOS = YES_AGGRESSIVE;
				GCC_WARN_UNUSED_FUNCTION = YES;
				GCC_WARN_UNUSED_VARIABLE = YES;
				IPHONEOS_DEPLOYMENT_TARGET = 16.0;
				MTL_ENABLE_DEBUG_INFO = INCLUDE_SOURCE;
				MTL_FAST_MATH = YES;
				ONLY_ACTIVE_ARCH = YES;
				SDKROOT = iphoneos;
				SWIFT_ACTIVE_COMPILATION_CONDITIONS = DEBUG;
				SWIFT_OPTIMIZATION_LEVEL = "-Onone";
			};
			name = Debug;
		};
		8F24E75228EECB8A008D5AEE /* Release */ = {
			isa = XCBuildConfiguration;
			buildSettings = {
				ALWAYS_SEARCH_USER_PATHS = NO;
				CLANG_ANALYZER_NONNULL = YES;
				CLANG_ANALYZER_NUMBER_OBJECT_CONVERSION = YES_AGGRESSIVE;
				CLANG_CXX_LANGUAGE_STANDARD = "gnu++20";
				CLANG_ENABLE_MODULES = YES;
				CLANG_ENABLE_OBJC_ARC = YES;
				CLANG_ENABLE_OBJC_WEAK = YES;
				CLANG_WARN_BLOCK_CAPTURE_AUTORELEASING = YES;
				CLANG_WARN_BOOL_CONVERSION = YES;
				CLANG_WARN_COMMA = YES;
				CLANG_WARN_CONSTANT_CONVERSION = YES;
				CLANG_WARN_DEPRECATED_OBJC_IMPLEMENTATIONS = YES;
				CLANG_WARN_DIRECT_OBJC_ISA_USAGE = YES_ERROR;
				CLANG_WARN_DOCUMENTATION_COMMENTS = YES;
				CLANG_WARN_EMPTY_BODY = YES;
				CLANG_WARN_ENUM_CONVERSION = YES;
				CLANG_WARN_INFINITE_RECURSION = YES;
				CLANG_WARN_INT_CONVERSION = YES;
				CLANG_WARN_NON_LITERAL_NULL_CONVERSION = YES;
				CLANG_WARN_OBJC_IMPLICIT_RETAIN_SELF = YES;
				CLANG_WARN_OBJC_LITERAL_CONVERSION = YES;
				CLANG_WARN_OBJC_ROOT_CLASS = YES_ERROR;
				CLANG_WARN_QUOTED_INCLUDE_IN_FRAMEWORK_HEADER = YES;
				CLANG_WARN_RANGE_LOOP_ANALYSIS = YES;
				CLANG_WARN_STRICT_PROTOTYPES = YES;
				CLANG_WARN_SUSPICIOUS_MOVE = YES;
				CLANG_WARN_UNGUARDED_AVAILABILITY = YES_AGGRESSIVE;
				CLANG_WARN_UNREACHABLE_CODE = YES;
				CLANG_WARN__DUPLICATE_METHOD_MATCH = YES;
				COPY_PHASE_STRIP = NO;
				DEBUG_INFORMATION_FORMAT = "dwarf-with-dsym";
				ENABLE_NS_ASSERTIONS = NO;
				ENABLE_STRICT_OBJC_MSGSEND = YES;
				GCC_C_LANGUAGE_STANDARD = gnu11;
				GCC_NO_COMMON_BLOCKS = YES;
				GCC_WARN_64_TO_32_BIT_CONVERSION = YES;
				GCC_WARN_ABOUT_RETURN_TYPE = YES_ERROR;
				GCC_WARN_UNDECLARED_SELECTOR = YES;
				GCC_WARN_UNINITIALIZED_AUTOS = YES_AGGRESSIVE;
				GCC_WARN_UNUSED_FUNCTION = YES;
				GCC_WARN_UNUSED_VARIABLE = YES;
				IPHONEOS_DEPLOYMENT_TARGET = 16.0;
				MTL_ENABLE_DEBUG_INFO = NO;
				MTL_FAST_MATH = YES;
				SDKROOT = iphoneos;
				SWIFT_COMPILATION_MODE = wholemodule;
				SWIFT_OPTIMIZATION_LEVEL = "-O";
				VALIDATE_PRODUCT = YES;
			};
			name = Release;
		};
		8F24E75428EECB8A008D5AEE /* Debug */ = {
			isa = XCBuildConfiguration;
			buildSettings = {
				ASSETCATALOG_COMPILER_APPICON_NAME = AppIcon;
				ASSETCATALOG_COMPILER_GLOBAL_ACCENT_COLOR_NAME = AccentColor;
				CODE_SIGN_ENTITLEMENTS = "sprinkled-ios/sprinkled-ios.entitlements";
				CODE_SIGN_IDENTITY = "Apple Development";
				CODE_SIGN_STYLE = Automatic;
				CURRENT_PROJECT_VERSION = 1;
				DEVELOPMENT_ASSET_PATHS = "\"sprinkled-ios/Preview Content\"";
				DEVELOPMENT_TEAM = LZFDNCMC92;
				ENABLE_PREVIEWS = YES;
				GENERATE_INFOPLIST_FILE = YES;
				INFOPLIST_FILE = "sprinkled-ios/Info.plist";
				INFOPLIST_KEY_CFBundleDisplayName = Sprinkled;
				INFOPLIST_KEY_LSApplicationCategoryType = "public.app-category.lifestyle";
				INFOPLIST_KEY_UIApplicationSceneManifest_Generation = YES;
				INFOPLIST_KEY_UIApplicationSupportsIndirectInputEvents = YES;
				INFOPLIST_KEY_UILaunchScreen_Generation = YES;
				INFOPLIST_KEY_UISupportedInterfaceOrientations = UIInterfaceOrientationPortrait;
				INFOPLIST_KEY_UISupportedInterfaceOrientations_iPad = "UIInterfaceOrientationLandscapeLeft UIInterfaceOrientationLandscapeRight UIInterfaceOrientationPortrait UIInterfaceOrientationPortraitUpsideDown";
				LD_RUNPATH_SEARCH_PATHS = (
					"$(inherited)",
					"@executable_path/Frameworks",
				);
				MARKETING_VERSION = 1.0;
				PRODUCT_BUNDLE_IDENTIFIER = "cz.lukaslitvan.sprinkled-ios";
				PRODUCT_NAME = "$(TARGET_NAME)";
				PROVISIONING_PROFILE_SPECIFIER = "";
				SUPPORTED_PLATFORMS = "iphoneos iphonesimulator";
				SUPPORTS_MACCATALYST = NO;
				SUPPORTS_MAC_DESIGNED_FOR_IPHONE_IPAD = NO;
				SWIFT_EMIT_LOC_STRINGS = YES;
				SWIFT_VERSION = 5.0;
				TARGETED_DEVICE_FAMILY = 1;
			};
			name = Debug;
		};
		8F24E75528EECB8A008D5AEE /* Release */ = {
			isa = XCBuildConfiguration;
			buildSettings = {
				ASSETCATALOG_COMPILER_APPICON_NAME = AppIcon;
				ASSETCATALOG_COMPILER_GLOBAL_ACCENT_COLOR_NAME = AccentColor;
				CODE_SIGN_ENTITLEMENTS = "sprinkled-ios/sprinkled-ios.entitlements";
				CODE_SIGN_IDENTITY = "Apple Development";
				CODE_SIGN_STYLE = Automatic;
				CURRENT_PROJECT_VERSION = 1;
				DEVELOPMENT_ASSET_PATHS = "\"sprinkled-ios/Preview Content\"";
				DEVELOPMENT_TEAM = LZFDNCMC92;
				ENABLE_PREVIEWS = YES;
				GENERATE_INFOPLIST_FILE = YES;
				INFOPLIST_FILE = "sprinkled-ios/Info.plist";
				INFOPLIST_KEY_CFBundleDisplayName = Sprinkled;
				INFOPLIST_KEY_LSApplicationCategoryType = "public.app-category.lifestyle";
				INFOPLIST_KEY_UIApplicationSceneManifest_Generation = YES;
				INFOPLIST_KEY_UIApplicationSupportsIndirectInputEvents = YES;
				INFOPLIST_KEY_UILaunchScreen_Generation = YES;
				INFOPLIST_KEY_UISupportedInterfaceOrientations = UIInterfaceOrientationPortrait;
				INFOPLIST_KEY_UISupportedInterfaceOrientations_iPad = "UIInterfaceOrientationLandscapeLeft UIInterfaceOrientationLandscapeRight UIInterfaceOrientationPortrait UIInterfaceOrientationPortraitUpsideDown";
				LD_RUNPATH_SEARCH_PATHS = (
					"$(inherited)",
					"@executable_path/Frameworks",
				);
				MARKETING_VERSION = 1.0;
				PRODUCT_BUNDLE_IDENTIFIER = "cz.lukaslitvan.sprinkled-ios";
				PRODUCT_NAME = "$(TARGET_NAME)";
				PROVISIONING_PROFILE_SPECIFIER = "";
				SUPPORTED_PLATFORMS = "iphoneos iphonesimulator";
				SUPPORTS_MACCATALYST = NO;
				SUPPORTS_MAC_DESIGNED_FOR_IPHONE_IPAD = NO;
				SWIFT_EMIT_LOC_STRINGS = YES;
				SWIFT_VERSION = 5.0;
				TARGETED_DEVICE_FAMILY = 1;
			};
			name = Release;
		};
/* End XCBuildConfiguration section */

/* Begin XCConfigurationList section */
		8F24E74028EECB86008D5AEE /* Build configuration list for PBXProject "sprinkled-ios" */ = {
			isa = XCConfigurationList;
			buildConfigurations = (
				8F24E75128EECB8A008D5AEE /* Debug */,
				8F24E75228EECB8A008D5AEE /* Release */,
			);
			defaultConfigurationIsVisible = 0;
			defaultConfigurationName = Release;
		};
		8F24E75328EECB8A008D5AEE /* Build configuration list for PBXNativeTarget "sprinkled-ios" */ = {
			isa = XCConfigurationList;
			buildConfigurations = (
				8F24E75428EECB8A008D5AEE /* Debug */,
				8F24E75528EECB8A008D5AEE /* Release */,
			);
			defaultConfigurationIsVisible = 0;
			defaultConfigurationName = Release;
		};
/* End XCConfigurationList section */

/* Begin XCRemoteSwiftPackageReference section */
		8F6B23DE28F8268F0079F0FC /* XCRemoteSwiftPackageReference "Kingfisher" */ = {
			isa = XCRemoteSwiftPackageReference;
			repositoryURL = "https://github.com/onevcat/Kingfisher.git";
			requirement = {
				kind = upToNextMajorVersion;
				minimumVersion = 7.0.0;
			};
		};
		8FA3C83D28F1992E00F1D070 /* XCRemoteSwiftPackageReference "JWTDecode" */ = {
			isa = XCRemoteSwiftPackageReference;
			repositoryURL = "https://github.com/auth0/JWTDecode.swift";
			requirement = {
				kind = upToNextMajorVersion;
				minimumVersion = 3.0.0;
			};
		};
/* End XCRemoteSwiftPackageReference section */

/* Begin XCSwiftPackageProductDependency section */
		8F6B23DF28F8268F0079F0FC /* Kingfisher */ = {
			isa = XCSwiftPackageProductDependency;
			package = 8F6B23DE28F8268F0079F0FC /* XCRemoteSwiftPackageReference "Kingfisher" */;
			productName = Kingfisher;
		};
		8FA3C83E28F1992E00F1D070 /* JWTDecode */ = {
			isa = XCSwiftPackageProductDependency;
			package = 8FA3C83D28F1992E00F1D070 /* XCRemoteSwiftPackageReference "JWTDecode" */;
			productName = JWTDecode;
		};
/* End XCSwiftPackageProductDependency section */
	};
	rootObject = 8F24E73D28EECB86008D5AEE /* Project object */;
}
